{
    "_meta": {
        "hash": {
            "sha256": "100a84a743c40a8a2ea32197164fc270c0f394b547bb2557967861bb2c0696db"
        },
        "pipfile-spec": 6,
        "requires": {
            "python_version": "3.10"
        },
        "sources": [
            {
                "name": "pypi",
                "url": "https://pypi.org/simple",
                "verify_ssl": true
            }
        ]
    },
    "default": {
        "cx-oracle": {
            "hashes": [
                "sha256:076ffb71279d6b2dcbf7df028f62a01e18ce5bb73d8b01eab582bf14a62f4a61",
                "sha256:07f01608dfb6603a8f2a868fc7c7bdc951480f187df8dbc50f4d48c884874e6a",
                "sha256:3b2d215af4441463c97ea469b9cc307460739f89fdfa8ea222ea3518f1a424d9",
                "sha256:3baa878597c5fadb2c72f359f548431c7be001e722ce4a4ebdf3d2293a1bb70b",
                "sha256:410747d542e5f94727f5f0e42e9706c772cf9094fb348ce965ab88b3a9e4d2d8",
                "sha256:4b3afe7a911cebaceda908228d36839f6441cbd38e5df491ec25960562bb01a0",
                "sha256:4c82ca74442c298ceec56d207450c192e06ecf8ad52eb4aaad0812e147ceabf7",
                "sha256:54164974d526b76fdefb0b66a42b68e1fca5df78713d0eeb8c1d0047b83f6bcf",
                "sha256:70d3cf030aefd71f99b45beba77237b2af448adf5e26be0db3d0d3dee6ea4230",
                "sha256:715a8bbda5982af484ded14d184304cc552c1096c82471dd2948298470e88a04",
                "sha256:b6a23da225f03f50a81980c61dbd6a358c3575f212ca7f4c22bb65a9faf94f7f",
                "sha256:b82e4b165ffd807a2bd256259a6b81b0a2452883d39f987509e2292d494ea163",
                "sha256:b902db61dcdcbbf8dd981f5a46d72fef40c5150c7fc0eb0f0698b462d6eb834e",
                "sha256:bf01ce87edb4ef663b2e5bd604e1e0154d2cc2f12b60301f788b569d9db8a900",
                "sha256:de42bdc882abdc5cea54597da27a05593b44143728e5b629ad5d35decb1a2036",
                "sha256:df412238a9948340591beee9ec64fa62a2efacc0d91107034a7023e2991fba97"
            ],
            "index": "pypi",
            "version": "==8.3.0"
        },
        "expiringdict": {
            "hashes": [
                "sha256:09a5d20bc361163e6432a874edd3179676e935eb81b925eccef48d409a8a45e8",
                "sha256:300fb92a7e98f15b05cf9a856c1415b3bc4f2e132be07daa326da6414c23ee09"
            ],
            "index": "pypi",
            "version": "==1.2.2"
        },
        "greenlet": {
            "hashes": [
                "sha256:003c930e0e074db83559edc8705f3a2d066d4aa8c2f198aff1e454946efd0f26",
                "sha256:024571bbce5f2c1cfff08bf3fbaa43bbc7444f580ae13b0099e95d0e6e67ed36",
                "sha256:02b0df6f63cd15012bed5401b47829cfd2e97052dc89da3cfaf2c779124eb892",
                "sha256:0921ac4ea42a5315d3446120ad48f90c3a6b9bb93dd9b3cf4e4d84a66e42de83",
                "sha256:0cc73378150b8b78b0c9fe2ce56e166695e67478550769536a6742dca3651688",
                "sha256:1afd685acd5597349ee6d7a88a8bec83ce13c106ac78c196ee9dde7c04fe87be",
                "sha256:22eb5ba839c4b2156f18f76768233fe44b23a31decd9cc0d4cc8141c211fd1b4",
                "sha256:25ad29caed5783d4bd7a85c9251c651696164622494c00802a139c00d639242d",
                "sha256:29e184536ba333003540790ba29829ac14bb645514fbd7e32af331e8202a62a5",
                "sha256:2c724620a101f8170065d7dded3f962a2aea7a7dae133a009cada42847e04a7b",
                "sha256:2d8aa5423cd4a396792f6d4580f88bdc6efcb9205891c9d40d20f6e670992efb",
                "sha256:3d04332dddb10b4a211b68111dabaee2e1a073663d117dc10247b5b1642bac86",
                "sha256:419e60f80709510c343c57b4bb5a339d8767bf9aef9b8ce43f4f143240f88b7c",
                "sha256:42efc522c0bd75ffa11a71e09cd8a399d83fafe36db250a87cf1dacfaa15dc64",
                "sha256:4532f0d25df67f896d137431b13f4cdce89f7e3d4a96387a41290910df4d3a57",
                "sha256:49c8cfb18fb419b3d08e011228ef8a25882397f3a859b9fe1436946140b6756b",
                "sha256:500b8689aa9dd1ab26872a34084503aeddefcb438e2e7317b89b11eaea1901ad",
                "sha256:5035d77a27b7c62db6cf41cf786cfe2242644a7a337a0e155c80960598baab95",
                "sha256:5195fb1e75e592dd04ce79881c8a22becdfa3e6f500e7feb059b1e6fdd54d3e3",
                "sha256:592c12fb1165be74592f5de0d70f82bc5ba552ac44800d632214b76089945147",
                "sha256:68671180e3849b963649254a882cd544a3c75bfcd2c527346ad8bb53494444db",
                "sha256:706d016a03e78df129f68c4c9b4c4f963f7d73534e48a24f5f5a7101ed13dbbb",
                "sha256:72e77ed69312bab0434d7292316d5afd6896192ac4327d44f3d613ecb85b037c",
                "sha256:731e154aba8e757aedd0781d4b240f1225b075b4409f1bb83b05ff410582cf00",
                "sha256:7454d37c740bb27bdeddfc3f358f26956a07d5220818ceb467a483197d84f849",
                "sha256:751261fc5ad7b6705f5f76726567375bb2104a059454e0226e1eef6c756748ba",
                "sha256:761917cac215c61e9dc7324b2606107b3b292a8349bdebb31503ab4de3f559ac",
                "sha256:784ae58bba89fa1fa5733d170d42486580cab9decda3484779f4759345b29822",
                "sha256:7e70ea4384b81ef9e84192e8a77fb87573138aa5d4feee541d8014e452b434da",
                "sha256:8186162dffde068a465deab08fc72c767196895c39db26ab1c17c0b77a6d8b97",
                "sha256:8324319cbd7b35b97990090808fdc99c27fe5338f87db50514959f8059999805",
                "sha256:83a8761c75312361aa2b5b903b79da97f13f556164a7dd2d5448655425bd4c34",
                "sha256:86c2d68e87107c1792e2e8d5399acec2487a4e993ab76c792408e59394d52141",
                "sha256:8704b3768d2f51150626962f4b9a9e4a17d2e37c8a8d9867bbd9fa4eb938d3b3",
                "sha256:873abe55f134c48e1f2a6f53f7d1419192a3d1a4e873bace00499a4e45ea6af0",
                "sha256:88cd97bf37fe24a6710ec6a3a7799f3f81d9cd33317dcf565ff9950c83f55e0b",
                "sha256:8b0dd8ae4c0d6f5e54ee55ba935eeb3d735a9b58a8a1e5b5cbab64e01a39f365",
                "sha256:8c37ef5b3787567d322331d5250e44e42b58c8c713859b8a04c6065f27efbf72",
                "sha256:8c47aae8fbbfcf82cc13327ae802ba13c9c36753b67e760023fd116bc124a62a",
                "sha256:93c0bb79844a367782ec4f429d07589417052e621aa39a5ac1fb99c5aa308edc",
                "sha256:93d48533fade144203816783373f27a97e4193177ebaaf0fc396db19e5d61163",
                "sha256:96c20252c2f792defe9a115d3287e14811036d51e78b3aaddbee23b69b216302",
                "sha256:a07d3472c2a93117af3b0136f246b2833fdc0b542d4a9799ae5f41c28323faef",
                "sha256:a433dbc54e4a37e4fff90ef34f25a8c00aed99b06856f0119dcf09fbafa16392",
                "sha256:aaa7aae1e7f75eaa3ae400ad98f8644bb81e1dc6ba47ce8a93d3f17274e08322",
                "sha256:baeedccca94880d2f5666b4fa16fc20ef50ba1ee353ee2d7092b383a243b0b0d",
                "sha256:be52af4b6292baecfa0f397f3edb3c6092ce071b499dd6fe292c9ac9f2c8f264",
                "sha256:c667c0bf9d406b77a15c924ef3285e1e05250948001220368e039b6aa5b5034b",
                "sha256:ce539fb52fb774d0802175d37fcff5c723e2c7d249c65916257f0a940cee8904",
                "sha256:d2971d93bb99e05f8c2c0c2f4aa9484a18d98c4c3bd3c62b65b7e6ae33dfcfaf",
                "sha256:d760f9bdfe79bff803bad32b4d8ffb2c1d2ce906313fc10a83976ffb73d64ca7",
                "sha256:ed6cfa9200484d234d8394c70f5492f144b20d4533f69262d530a1a082f6ee9a",
                "sha256:efc6dc8a792243c31f2f5674b670b3a95d46fa1c6a912b8e310d6f542e7b0712",
                "sha256:f4bfbaa6096b1b7a200024784217defedf46a07c2eee1a498e94a1b5f8ec5728"
            ],
            "markers": "python_version >= '3.9'",
            "version": "==3.2.3"
        },
        "psycopg2-binary": {
            "hashes": [
                "sha256:04392983d0bb89a8717772a193cfaac58871321e3ec69514e1c4e0d4957b5aff",
                "sha256:056470c3dc57904bbf63d6f534988bafc4e970ffd50f6271fc4ee7daad9498a5",
                "sha256:0ea8e3d0ae83564f2fc554955d327fa081d065c8ca5cc6d2abb643e2c9c1200f",
                "sha256:155e69561d54d02b3c3209545fb08938e27889ff5a10c19de8d23eb5a41be8a5",
                "sha256:18c5ee682b9c6dd3696dad6e54cc7ff3a1a9020df6a5c0f861ef8bfd338c3ca0",
                "sha256:19721ac03892001ee8fdd11507e6a2e01f4e37014def96379411ca99d78aeb2c",
                "sha256:1a6784f0ce3fec4edc64e985865c17778514325074adf5ad8f80636cd029ef7c",
                "sha256:2286791ececda3a723d1910441c793be44625d86d1a4e79942751197f4d30341",
                "sha256:230eeae2d71594103cd5b93fd29d1ace6420d0b86f4778739cb1a5a32f607d1f",
                "sha256:245159e7ab20a71d989da00f280ca57da7641fa2cdcf71749c193cea540a74f7",
                "sha256:26540d4a9a4e2b096f1ff9cce51253d0504dca5a85872c7f7be23be5a53eb18d",
                "sha256:270934a475a0e4b6925b5f804e3809dd5f90f8613621d062848dd82f9cd62007",
                "sha256:2ad26b467a405c798aaa1458ba09d7e2b6e5f96b1ce0ac15d82fd9f95dc38a92",
                "sha256:2b3d2491d4d78b6b14f76881905c7a8a8abcf974aad4a8a0b065273a0ed7a2cb",
                "sha256:2ce3e21dc3437b1d960521eca599d57408a695a0d3c26797ea0f72e834c7ffe5",
                "sha256:30e34c4e97964805f715206c7b789d54a78b70f3ff19fbe590104b71c45600e5",
                "sha256:3216ccf953b3f267691c90c6fe742e45d890d8272326b4a8b20850a03d05b7b8",
                "sha256:32581b3020c72d7a421009ee1c6bf4a131ef5f0a968fab2e2de0c9d2bb4577f1",
                "sha256:35958ec9e46432d9076286dda67942ed6d968b9c3a6a2fd62b48939d1d78bf68",
                "sha256:3abb691ff9e57d4a93355f60d4f4c1dd2d68326c968e7db17ea96df3c023ef73",
                "sha256:3c18f74eb4386bf35e92ab2354a12c17e5eb4d9798e4c0ad3a00783eae7cd9f1",
                "sha256:3c4745a90b78e51d9ba06e2088a2fe0c693ae19cc8cb051ccda44e8df8a6eb53",
                "sha256:3c4ded1a24b20021ebe677b7b08ad10bf09aac197d6943bfe6fec70ac4e4690d",
                "sha256:3e9c76f0ac6f92ecfc79516a8034a544926430f7b080ec5a0537bca389ee0906",
                "sha256:48b338f08d93e7be4ab2b5f1dbe69dc5e9ef07170fe1f86514422076d9c010d0",
                "sha256:4b3df0e6990aa98acda57d983942eff13d824135fe2250e6522edaa782a06de2",
                "sha256:512d29bb12608891e349af6a0cccedce51677725a921c07dba6342beaf576f9a",
                "sha256:5a507320c58903967ef7384355a4da7ff3f28132d679aeb23572753cbf2ec10b",
                "sha256:5c370b1e4975df846b0277b4deba86419ca77dbc25047f535b0bb03d1a544d44",
                "sha256:6b269105e59ac96aba877c1707c600ae55711d9dcd3fc4b5012e4af68e30c648",
                "sha256:6d4fa1079cab9018f4d0bd2db307beaa612b0d13ba73b5c6304b9fe2fb441ff7",
                "sha256:6dc08420625b5a20b53551c50deae6e231e6371194fa0651dbe0fb206452ae1f",
                "sha256:73aa0e31fa4bb82578f3a6c74a73c273367727de397a7a0f07bd83cbea696baa",
                "sha256:7559bce4b505762d737172556a4e6ea8a9998ecac1e39b5233465093e8cee697",
                "sha256:79625966e176dc97ddabc142351e0409e28acf4660b88d1cf6adb876d20c490d",
                "sha256:7a813c8bdbaaaab1f078014b9b0b13f5de757e2b5d9be6403639b298a04d218b",
                "sha256:7b2c956c028ea5de47ff3a8d6b3cc3330ab45cf0b7c3da35a2d6ff8420896526",
                "sha256:7f4152f8f76d2023aac16285576a9ecd2b11a9895373a1f10fd9db54b3ff06b4",
                "sha256:7f5d859928e635fa3ce3477704acee0f667b3a3d3e4bb109f2b18d4005f38287",
                "sha256:851485a42dbb0bdc1edcdabdb8557c09c9655dfa2ca0460ff210522e073e319e",
                "sha256:8608c078134f0b3cbd9f89b34bd60a943b23fd33cc5f065e8d5f840061bd0673",
                "sha256:880845dfe1f85d9d5f7c412efea7a08946a46894537e4e5d091732eb1d34d9a0",
                "sha256:8aabf1c1a04584c168984ac678a668094d831f152859d06e055288fa515e4d30",
                "sha256:8aecc5e80c63f7459a1a2ab2c64df952051df196294d9f739933a9f6687e86b3",
                "sha256:8cd9b4f2cfab88ed4a9106192de509464b75a906462fb846b936eabe45c2063e",
                "sha256:8de718c0e1c4b982a54b41779667242bc630b2197948405b7bd8ce16bcecac92",
                "sha256:9440fa522a79356aaa482aa4ba500b65f28e5d0e63b801abf6aa152a29bd842a",
                "sha256:b5f86c56eeb91dc3135b3fd8a95dc7ae14c538a2f3ad77a19645cf55bab1799c",
                "sha256:b73d6d7f0ccdad7bc43e6d34273f70d587ef62f824d7261c4ae9b8b1b6af90e8",
                "sha256:bb89f0a835bcfc1d42ccd5f41f04870c1b936d8507c6df12b7737febc40f0909",
                "sha256:c3cc28a6fd5a4a26224007712e79b81dbaee2ffb90ff406256158ec4d7b52b47",
                "sha256:ce5ab4bf46a211a8e924d307c1b1fcda82368586a19d0a24f8ae166f5c784864",
                "sha256:d00924255d7fc916ef66e4bf22f354a940c67179ad3fd7067d7a0a9c84d2fbfc",
                "sha256:d7cd730dfa7c36dbe8724426bf5612798734bff2d3c3857f36f2733f5bfc7c00",
                "sha256:e217ce4d37667df0bc1c397fdcd8de5e81018ef305aed9415c3b093faaeb10fb",
                "sha256:e3923c1d9870c49a2d44f795df0c889a22380d36ef92440ff618ec315757e539",
                "sha256:e5720a5d25e3b99cd0dc5c8a440570469ff82659bb09431c1439b92caf184d3b",
                "sha256:e8b58f0a96e7a1e341fc894f62c1177a7c83febebb5ff9123b579418fdc8a481",
                "sha256:e984839e75e0b60cfe75e351db53d6db750b00de45644c5d1f7ee5d1f34a1ce5",
                "sha256:eb09aa7f9cecb45027683bb55aebaaf45a0df8bf6de68801a6afdc7947bb09d4",
                "sha256:ec8a77f521a17506a24a5f626cb2aee7850f9b69a0afe704586f63a464f3cd64",
                "sha256:ecced182e935529727401b24d76634a357c71c9275b356efafd8a2a91ec07392",
                "sha256:ee0e8c683a7ff25d23b55b11161c2663d4b099770f6085ff0a20d4505778d6b4",
                "sha256:f0c2d907a1e102526dd2986df638343388b94c33860ff3bbe1384130828714b1",
                "sha256:f758ed67cab30b9a8d2833609513ce4d3bd027641673d4ebc9c067e4d208eec1",
                "sha256:f8157bed2f51db683f31306aa497311b560f2265998122abe1dce6428bd86567",
                "sha256:ffe8ed017e4ed70f68b7b371d84b7d4a790368db9203dfc2d222febd3a9c8863"
            ],
            "index": "pypi",
            "markers": "python_version >= '3.8'",
            "version": "==2.9.10"
        },
        "pymysql": {
            "hashes": [
                "sha256:4de15da4c61dc132f4fb9ab763063e693d521a80fd0e87943b9a453dd4c19d6c",
                "sha256:e127611aaf2b417403c60bf4dc570124aeb4a57f5f37b8e95ae399a42f904cd0"
            ],
            "index": "pypi",
            "markers": "python_version >= '3.7'",
            "version": "==1.1.1"
        },
        "pyodbc": {
            "hashes": [
                "sha256:05a0912e852ebddaffa8f235b0f3974475021dd8eb604eb46ea67af06efe1239",
                "sha256:0f5901b57eaef0761f4cf02bca8e7c63f589fd0fd723a79f6ccf1ea1275372e5",
                "sha256:1b3467157661615d5c30893efa1069b55c9ffa434097fc3ae3739e740d83d2ec",
                "sha256:1f7fb65191926308f09ce75ae7ccecf89310232ee50cdea74edf17ee04a9b068",
                "sha256:27d1b3c3159673b44c97c878f9d8056901d45f747ce2e0b4d5d99f0fb6949dc7",
                "sha256:305c7d6337e2d4c8350677cc641b343fc0197b7b9bc167815c66b64545c67a53",
                "sha256:39f6c56022c764309aa7552c0eb2c58fbb5902ab5d2010d42b021c0b205aa609",
                "sha256:3d9d70e1635d35ba3aee3df216ec8e35f2824909f43331c0112b17f460a93923",
                "sha256:400e911d54980098c6badadecc82385fc0d6a9057db525d63d2652317df43efe",
                "sha256:42649ed57d09c04aa197bdd4fe0aa9ca319790b7aa86d0b0784cc70e78c426e5",
                "sha256:530c1ac37ead782803b44fb1934ba4c68ed4a6969f7475cb8bc04ae1da14486e",
                "sha256:5ec009180fcd7c8197f45d083e6670623d8dfe198a457ca2a50ebb1bafe4107f",
                "sha256:62bb6d7d0d25dc75d1445e539f946461c9c5a3643ae14676b240f71794ea004f",
                "sha256:6353044b99c763aeec7ca1760b4340298504d8ee544fdcab3c380a2abec15b78",
                "sha256:64c1de1263281de7b5ce585b0352746ab1a483453017a8589f838a79cbe3d6d9",
                "sha256:72d364e52f6ca2417881a23834b3a36733c09e0dcd4760f49a6b864218d98d92",
                "sha256:74af348dbaee4885998858daf50c8964e767629ecf6c195868b016367b0bb861",
                "sha256:8553eaef9f8ec333bbddff6eadf0d322dda34b37f4bab19f0658eb532037840c",
                "sha256:8eb5547282dc73a7784ce7b99584f68687dd85543538ca6f70cffaa6310676e7",
                "sha256:9253e746c5c94bf61e3e9adb08fb7688d413cb68c06ebb287ec233387534760a",
                "sha256:a3e133621ac2dad22d0870a8521c7e82d4270e24ce02451d64e7eb6a40ad0941",
                "sha256:a591a1cf3c251a9c7c1642cfb3774119bf3512f3be56151247238f8a7b22b336",
                "sha256:a6f4067f46aaa78e77e8a15ade81eb21fb344563d245fb2d9a0aaa553c367cbd",
                "sha256:af027a60e84274ea08fad1c75991d37a5f1f6e8bcd30f6bda20db99f0cdfbc7d",
                "sha256:b36fe804d367d01ad81077fa524a36e667aabc3945e32564c7ef9595b28edfa9",
                "sha256:c1a59096f1784d0cda3d0b8f393849f05515c46a10016edb6da1b1960d039800",
                "sha256:c5faf2870e9d434c6a85c6adc1cdff55c0e376273baf480f06d9848025405688",
                "sha256:cdf5a27e6587d1762f7f0e35d6f0309f09019bf3e19ca9177a4b765121f3f106",
                "sha256:e0db69478d00fcd8d0b9bdde8aca0b0eada341fd6ed8c2da84b594b928c84106",
                "sha256:e528bb70dd6d6299ee429868925df0866e3e919c772b9eff79c8e17920d8f116",
                "sha256:ea08e9379c08663d7260e2b8a6c451f56d36c17291af735191089f8e29ad9578",
                "sha256:ebcb900fcaf19ca2bc38632218c5d48c666fcc19fe38b08cde001917f4581456",
                "sha256:efccc11dff6fba684a74ae1030c92ff8b82429d7f00e0a50aa2ac6f56621cd9f",
                "sha256:f792677b88e1dde12dab46de8647620fc8171742c02780d51744f7b1b2135dbc",
                "sha256:fe4ee87b88867867f582dd0c1236cd982508db359a6cbb5e91623ceb6c83e60a"
            ],
            "index": "pypi",
            "markers": "python_version >= '2.7' and python_version not in '3.0, 3.1, 3.2, 3.3, 3.4, 3.5'",
            "version": "==4.0.39"
        },
        "sqlalchemy": {
            "hashes": [
                "sha256:09637a0872689d3eb71c41e249c6f422e3e18bbd05b4cd258193cfc7a9a50da2",
                "sha256:0b718011a9d66c0d2f78e1997755cd965f3414563b31867475e9bc6efdc2281d",
                "sha256:160bedd8a5c28765bd5be4dec2d881e109e33b34922e50a3b881a7681773ac5f",
                "sha256:16d9b544873fe6486dddbb859501a07d89f77c61d29060bb87d0faf7519b6a4d",
                "sha256:172b244753e034d91a826f80a9a70f4cbac690641207f2217f8404c261473efe",
                "sha256:1aef304ada61b81f1955196f584b9e72b798ed525a7c0b46e09e98397393297b",
                "sha256:1b3c117f65d64e806ce5ce9ce578f06224dc36845e25ebd2554b3e86960e1aed",
                "sha256:1f092cf83ebcafba23a247f5e03f99f5436e3ef026d01c8213b5eca48ad6efa9",
                "sha256:21bfdf57abf72fa89b97dd74d3187caa3172a78c125f2144764a73970810c4ee",
                "sha256:260ca1d2e5910f1f1ad3fe0113f8fab28657cee2542cb48c2f342ed90046e8ec",
                "sha256:27e4a7b3a7a61ff919c2e7caafd612f8626114e6e5ebbe339de3b5b1df9bc27e",
                "sha256:2ddbaafe32f0dd12d64284b1c3189104b784c9f3dba8cc1ba7e642e2b14b906f",
                "sha256:2eb539fd83185a85e5fcd6b19214e1c734ab0351d81505b0f987705ba0a1e231",
                "sha256:37f4f42568b6c656ee177b3e111d354b5dda75eafe9fe63492535f91dfa35829",
                "sha256:437c2a8b0c780ff8168a470beb22cb4a25e1c63ea6a7aec87ffeb07aa4b76641",
                "sha256:45c842c94c9ad546c72225a0c0d1ae8ef3f7c212484be3d429715a062970e87f",
                "sha256:480f7df62f0b3ad6aa011eefa096049dc1770208bb71f234959ee2864206eefe",
                "sha256:49362193b1f43aa158deebf438062d7b5495daa9177c6c5d0f02ceeb64b544ea",
                "sha256:4c94447a016f36c4da80072e6c6964713b0af3c8019e9c4daadf21f61b81ab53",
                "sha256:4cf10396a8a700a0f38ccd220d940be529c8f64435c5d5b29375acab9267a6c9",
                "sha256:4efbdc9754c7145a954911bfeef815fb0843e8edab0e9cecfa3417a5cbd316af",
                "sha256:5651eb19cacbeb2fe7431e4019312ed00a0b3fbd2d701423e0e2ceaadb5bcd9f",
                "sha256:56bc76d86216443daa2e27e6b04a9b96423f0b69b5d0c40c7f4b9a4cdf7d8d90",
                "sha256:636ec3dc83b2422a7ff548d0f8abf9c23742ca50e2a5cdc492a151eac7a0248b",
                "sha256:739e58879b20a179156b63aa21f05ccacfd3e28e08e9c2b630ff55cd7177c4f1",
                "sha256:78548fd65cd76d4c5a2e6b5f245d7734023ee4de33ee7bb298f1ac25a9935e0d",
                "sha256:78b46555b730a24901ceb4cb901c6b45c9407f8875209ed3c5d6bcd0390a6ed1",
                "sha256:7ee065898359fdee83961aed5cf1fb4cfa913ba71b58b41e036001d90bebbf7a",
                "sha256:88f8a8007a658dfd82c16a20bd9673ae6b33576c003b5166d42697d49e496e61",
                "sha256:89143290fb94c50a8dec73b06109ccd245efd8011d24fc0ddafe89dc55b36651",
                "sha256:9193fa484bf00dcc1804aecbb4f528f1123c04bad6a08d7710c909750fa76aeb",
                "sha256:941804f55c7d507334da38133268e3f6e5b0340d584ba0f277dd884197f4ae8c",
                "sha256:95d3d06a968a760ce2aa6a5889fefcbdd53ca935735e0768e1db046ec08cbf01",
                "sha256:97978d223b11f1d161390a96f28c49a13ce48fdd2fed7683167c39bdb1b8aa09",
                "sha256:98b344859d282fde388047f1710860bb23f4098f705491e06b8ab52a48aafea9",
                "sha256:9cae6c2b05326d7c2c7c0519f323f90e0fb9e8afa783c6a05bb9ee92a90d0f04",
                "sha256:9d88a1c0d66d24e229e3938e1ef16ebdbd2bf4ced93af6eff55225f7465cf350",
                "sha256:a3cb3ec67cc08bea54e06b569398ae21623534a7b1b23c258883a7c696ae10df",
                "sha256:ad59dbe4d1252448c19d171dfba14c74e7950b46dc49d015722a4a06bfdab2b0",
                "sha256:b01e0dd39f96aefda5ab002d8402db4895db871eb0145836246ce0661635ce55",
                "sha256:bc7347ad7a7b1c78b94177f2d57263113bb950e62c59b96ed839b131ea4234e1",
                "sha256:be28f88abd74af8519a4542185ee80ca914933ca65cdfa99504d82af0e4210df",
                "sha256:be3a02f963c8d66e28bb4183bebab66dc4379701d92e660f461c65fecd6ff399",
                "sha256:c34100c0b7ea31fbc113c124bcf93a53094f8951c7bf39c45f39d327bad6d1e7",
                "sha256:c5dd245e6502990ccf612d51f220a7b04cbea3f00f6030691ffe27def76ca79b",
                "sha256:cf4bf5a174d8a679a713b7a896470ffc6baab78e80a79e7ec5668387ffeccc8b",
                "sha256:d119c80c614d62d32e236ae68e21dd28a2eaf070876b2f28a6075d5bae54ef3f",
                "sha256:defcdff7e661f0043daa381832af65d616e060ddb54d3fe4476f51df7eaa1835",
                "sha256:e35b9b000c59fcac2867ab3a79fc368a6caca8706741beab3b799d47005b3407",
                "sha256:e87e6a5ef6f9d8daeb2ce5918bf5fddecc11cae6a7d7a671fcc4616c47635e01",
                "sha256:e8c7ff7ba08b375f8a8fa0511e595c9bdabb5494ec68f1cf69bb24e54c0d90f2",
                "sha256:eb9905f7f1e49fd57a7ed6269bc567fcbbdac9feadff20ad6bd7707266a91577",
                "sha256:ed5a6959b1668d97a32e3fd848b485f65ee3c05a759dee06d90e4545a3c77f1e",
                "sha256:f50f7b20677b23cfb35b6afcd8372b2feb348a38e3033f6447ee0704540be894",
                "sha256:f9187498c2149919753a7fd51766ea9c8eecdec7da47c1b955fa8090bc642eaa",
                "sha256:fb57923d852d38671a17abda9a65cc59e3e5eab51fb8307b09de46ed775bcbb8",
                "sha256:fc6afee7e66fdba4f5a68610b487c1f754fccdc53894a9567785932dbb6a265e"
            ],
            "index": "pypi",
            "markers": "python_version >= '3.7'",
            "version": "==2.0.42"
        },
        "typing-extensions": {
            "hashes": [
                "sha256:38b39f4aeeab64884ce9f74c94263ef78f3c22467c8724005483154c26648d36",
                "sha256:d1e1e3b58374dc93031d6eda2420a48ea44a36c2b4766a4fdeb3710755731d76"
            ],
            "markers": "python_version >= '3.9'",
            "version": "==4.14.1"
        }
    },
    "develop": {}
}
