{
    "_meta": {
        "hash": {
            "sha256": "100a84a743c40a8a2ea32197164fc270c0f394b547bb2557967861bb2c0696db"
        },
        "pipfile-spec": 6,
        "requires": {
            "python_version": "3.10"
        },
        "sources": [
            {
                "name": "pypi",
                "url": "https://pypi.org/simple",
                "verify_ssl": true
            }
        ]
    },
    "default": {
        "cx-oracle": {
            "hashes": [
                "sha256:076ffb71279d6b2dcbf7df028f62a01e18ce5bb73d8b01eab582bf14a62f4a61",
                "sha256:07f01608dfb6603a8f2a868fc7c7bdc951480f187df8dbc50f4d48c884874e6a",
                "sha256:3b2d215af4441463c97ea469b9cc307460739f89fdfa8ea222ea3518f1a424d9",
                "sha256:3baa878597c5fadb2c72f359f548431c7be001e722ce4a4ebdf3d2293a1bb70b",
                "sha256:410747d542e5f94727f5f0e42e9706c772cf9094fb348ce965ab88b3a9e4d2d8",
                "sha256:4b3afe7a911cebaceda908228d36839f6441cbd38e5df491ec25960562bb01a0",
                "sha256:4c82ca74442c298ceec56d207450c192e06ecf8ad52eb4aaad0812e147ceabf7",
                "sha256:54164974d526b76fdefb0b66a42b68e1fca5df78713d0eeb8c1d0047b83f6bcf",
                "sha256:70d3cf030aefd71f99b45beba77237b2af448adf5e26be0db3d0d3dee6ea4230",
                "sha256:715a8bbda5982af484ded14d184304cc552c1096c82471dd2948298470e88a04",
                "sha256:b6a23da225f03f50a81980c61dbd6a358c3575f212ca7f4c22bb65a9faf94f7f",
                "sha256:b82e4b165ffd807a2bd256259a6b81b0a2452883d39f987509e2292d494ea163",
                "sha256:b902db61dcdcbbf8dd981f5a46d72fef40c5150c7fc0eb0f0698b462d6eb834e",
                "sha256:bf01ce87edb4ef663b2e5bd604e1e0154d2cc2f12b60301f788b569d9db8a900",
                "sha256:de42bdc882abdc5cea54597da27a05593b44143728e5b629ad5d35decb1a2036",
                "sha256:df412238a9948340591beee9ec64fa62a2efacc0d91107034a7023e2991fba97"
            ],
            "index": "pypi",
            "version": "==8.3.0"
        },
        "expiringdict": {
            "hashes": [
                "sha256:09a5d20bc361163e6432a874edd3179676e935eb81b925eccef48d409a8a45e8",
                "sha256:300fb92a7e98f15b05cf9a856c1415b3bc4f2e132be07daa326da6414c23ee09"
            ],
            "index": "pypi",
            "version": "==1.2.2"
        },
        "greenlet": {
            "hashes": [
                "sha256:02a807b2a58d5cdebb07050efe3d7deaf915468d112dfcf5e426d0564aa3aa4a",
                "sha256:0b72b802496cccbd9b31acea72b6f87e7771ccfd7f7927437d592e5c92ed703c",
                "sha256:0d3f83ffb18dc57243e0151331e3c383b05e5b6c5029ac29f754745c800f8ed9",
                "sha256:10b5582744abd9858947d163843d323d0b67be9432db50f8bf83031032bc218d",
                "sha256:123910c58234a8d40eaab595bc56a5ae49bdd90122dde5bdc012c20595a94c14",
                "sha256:19834e3f91f485442adc1ee440171ec5d9a4840a1f7bd5ed97833544719ce10b",
                "sha256:1d363666acc21d2c204dd8705c0e0457d7b2ee7a76cb16ffc099d6799744ac99",
                "sha256:211ef8d174601b80e01436f4e6905aca341b15a566f35a10dd8d1e93f5dbb3b7",
                "sha256:269d06fa0f9624455ce08ae0179430eea61085e3cf6457f05982b37fd2cefe17",
                "sha256:2e7dcdfad252f2ca83c685b0fa9fba00e4d8f243b73839229d56ee3d9d219314",
                "sha256:334ef6ed8337bd0b58bb0ae4f7f2dcc84c9f116e474bb4ec250a8bb9bd797a66",
                "sha256:343675e0da2f3c69d3fb1e894ba0a1acf58f481f3b9372ce1eb465ef93cf6fed",
                "sha256:37f60b3a42d8b5499be910d1267b24355c495064f271cfe74bf28b17b099133c",
                "sha256:38ad562a104cd41e9d4644f46ea37167b93190c6d5e4048fcc4b80d34ecb278f",
                "sha256:3c0d36f5adc6e6100aedbc976d7428a9f7194ea79911aa4bf471f44ee13a9464",
                "sha256:3fd2b18432e7298fcbec3d39e1a0aa91ae9ea1c93356ec089421fabc3651572b",
                "sha256:4a1a6244ff96343e9994e37e5b4839f09a0207d35ef6134dce5c20d260d0302c",
                "sha256:4cd83fb8d8e17633ad534d9ac93719ef8937568d730ef07ac3a98cb520fd93e4",
                "sha256:527cd90ba3d8d7ae7dceb06fda619895768a46a1b4e423bdb24c1969823b8362",
                "sha256:553d6fb2324e7f4f0899e5ad2c427a4579ed4873f42124beba763f16032959af",
                "sha256:56867a3b3cf26dc8a0beecdb4459c59f4c47cdd5424618c08515f682e1d46692",
                "sha256:621fcb346141ae08cb95424ebfc5b014361621b8132c48e538e34c3c93ac7365",
                "sha256:63acdc34c9cde42a6534518e32ce55c30f932b473c62c235a466469a710bfbf9",
                "sha256:6512592cc49b2c6d9b19fbaa0312124cd4c4c8a90d28473f86f92685cc5fef8e",
                "sha256:6672fdde0fd1a60b44fb1751a7779c6db487e42b0cc65e7caa6aa686874e79fb",
                "sha256:6a5b2d4cdaf1c71057ff823a19d850ed5c6c2d3686cb71f73ae4d6382aaa7a06",
                "sha256:6a68d670c8f89ff65c82b936275369e532772eebc027c3be68c6b87ad05ca695",
                "sha256:6bb36985f606a7c49916eff74ab99399cdfd09241c375d5a820bb855dfb4af9f",
                "sha256:73b2f1922a39d5d59cc0e597987300df3396b148a9bd10b76a058a2f2772fc04",
                "sha256:7709fd7bb02b31908dc8fd35bfd0a29fc24681d5cc9ac1d64ad07f8d2b7db62f",
                "sha256:8060b32d8586e912a7b7dac2d15b28dbbd63a174ab32f5bc6d107a1c4143f40b",
                "sha256:80dcd3c938cbcac986c5c92779db8e8ce51a89a849c135172c88ecbdc8c056b7",
                "sha256:813720bd57e193391dfe26f4871186cf460848b83df7e23e6bef698a7624b4c9",
                "sha256:831d6f35037cf18ca5e80a737a27d822d87cd922521d18ed3dbc8a6967be50ce",
                "sha256:871b0a8835f9e9d461b7fdaa1b57e3492dd45398e87324c047469ce2fc9f516c",
                "sha256:952256c2bc5b4ee8df8dfc54fc4de330970bf5d79253c863fb5e6761f00dda35",
                "sha256:96d9ea57292f636ec851a9bb961a5cc0f9976900e16e5d5647f19aa36ba6366b",
                "sha256:9a812224a5fb17a538207e8cf8e86f517df2080c8ee0f8c1ed2bdaccd18f38f4",
                "sha256:9adbd8ecf097e34ada8efde9b6fec4dd2a903b1e98037adf72d12993a1c80b51",
                "sha256:9de687479faec7db5b198cc365bc34addd256b0028956501f4d4d5e9ca2e240a",
                "sha256:a048293392d4e058298710a54dfaefcefdf49d287cd33fb1f7d63d55426e4355",
                "sha256:aa15a2ec737cb609ed48902b45c5e4ff6044feb5dcdfcf6fa8482379190330d7",
                "sha256:abe1ef3d780de56defd0c77c5ba95e152f4e4c4e12d7e11dd8447d338b85a625",
                "sha256:ad6fb737e46b8bd63156b8f59ba6cdef46fe2b7db0c5804388a2d0519b8ddb99",
                "sha256:b1660a15a446206c8545edc292ab5c48b91ff732f91b3d3b30d9a915d5ec4779",
                "sha256:b505fcfc26f4148551826a96f7317e02c400665fa0883fe505d4fcaab1dabfdd",
                "sha256:b822fab253ac0f330ee807e7485769e3ac85d5eef827ca224feaaefa462dc0d0",
                "sha256:bdd696947cd695924aecb3870660b7545a19851f93b9d327ef8236bfc49be705",
                "sha256:bdfaeecf8cc705d35d8e6de324bf58427d7eafb55f67050d8f28053a3d57118c",
                "sha256:be557119bf467d37a8099d91fbf11b2de5eb1fd5fc5b91598407574848dc910f",
                "sha256:c3692ecf3fe754c8c0f2c95ff19626584459eab110eaab66413b1e7425cd84e9",
                "sha256:c6b5ce7f40f0e2f8b88c28e6691ca6806814157ff05e794cdd161be928550f4c",
                "sha256:c94e4e924d09b5a3e37b853fe5924a95eac058cb6f6fb437ebb588b7eda79870",
                "sha256:cc3e2679ea13b4de79bdc44b25a0c4fcd5e94e21b8f290791744ac42d34a0353",
                "sha256:d1e22c22f7826096ad503e9bb681b05b8c1f5a8138469b255eb91f26a76634f2",
                "sha256:d5539f6da3418c3dc002739cb2bb8d169056aa66e0c83f6bacae0cd3ac26b423",
                "sha256:d55db1db455c59b46f794346efce896e754b8942817f46a1bada2d29446e305a",
                "sha256:e09dea87cc91aea5500262993cbd484b41edf8af74f976719dd83fe724644cd6",
                "sha256:e52a712c38e5fb4fd68e00dc3caf00b60cb65634d50e32281a9d6431b33b4af1",
                "sha256:e693e759e172fa1c2c90d35dea4acbdd1d609b6936115d3739148d5e4cd11947",
                "sha256:ecf94aa539e97a8411b5ea52fc6ccd8371be9550c4041011a091eb8b3ca1d810",
                "sha256:f351479a6914fd81a55c8e68963609f792d9b067fb8a60a042c585a621e0de4f",
                "sha256:f47932c434a3c8d3c86d865443fadc1fbf574e9b11d6650b656e602b1797908a"
            ],
            "markers": "python_version >= '3' and platform_machine == 'aarch64' or (platform_machine == 'ppc64le' or (platform_machine == 'x86_64' or (platform_machine == 'amd64' or (platform_machine == 'AMD64' or (platform_machine == 'win32' or platform_machine == 'WIN32')))))",
            "version": "==3.0.0"
        },
        "psycopg2-binary": {
            "hashes": [
                "sha256:0405dd4d97720e7ab177aa02e493f524907c4cb3c445ac173e2627948d3d0528",
                "sha256:0463c00f946517f3e69192a59e6601e023ff9de45ad0a875eda3d6b1bebeb7ce",
                "sha256:07b7bd9f410650c34c3532162cc329f112368d78a3fc8668cb1ea9df61bc11bf",
                "sha256:086659ab083119f7ee87a779e31b94211cf162b708fc9a6bec771f75c73ac3e6",
                "sha256:08d3b81a6a91775c937abf97d4c58fc9142e8e35fb91c387d24f81d15c98e6cf",
                "sha256:0a6444ac48e2c04f691c2ddd542b38ba30c89463a2d446b3d74ec7d8fc90c964",
                "sha256:0ebcf3c4266a695df9d0ef51296155f60c86ac51cf82f0d0dd2e827255a891c5",
                "sha256:13d955f6054a705a19554364fe9888d0a6e8b0746dc7ebc08a447c7b4fd4145c",
                "sha256:1752b9821f1377404d65ac43af03d59a1eccc57fb2c1eb8305f9a3fe8eb7a8ba",
                "sha256:190c18b97d9ef72f2e88c451b6588af90d6bd7bf54cb94b963280dc86a2c7076",
                "sha256:1f4c7bdbafdf9dc018efbc29213b73f8308332888ba76a4cf503f560bfd21705",
                "sha256:202dedd5cadb3e5dfd4d0415ab2fc5d5b44f4208de5308938e3e74ae222b638e",
                "sha256:215777c62ce81c3b487cefdb6a41969944eb982309f91349ff3ca0323d6f17ed",
                "sha256:27e539b4cafd5e03dcd32921db1b12dd72fe549dd06bae6d4d2a5b5838465f24",
                "sha256:28eb30bf4a52c1117406f45771038faa96f882fdeeeb0ce43b960a1dbc6c1fd2",
                "sha256:2bf9f97a6df69a5d89d054b8cf5257a0916096c479800715fbfe7974dbcb3a26",
                "sha256:2ca263643ae37998ae04d18e431df34d0d61f12b47640dab585f14b6dbe00798",
                "sha256:31db6cba66df5231dfd91d9f69188bec3fe6c8baae384e93a0ce792067ee2d98",
                "sha256:32cd049095135d2b69e824aea9056745a4aaaa9115a9febbc65584793665d0d0",
                "sha256:33a6d3c47f9655b481b2cdc1b4bf71c235e054e55663d3066036b6ce5fbe5165",
                "sha256:376ebf7d8aee4b7386b2bac31fdc27911e7e57cd0a88f1e038b8b149398ac008",
                "sha256:38397def2d794ffde9db80f63d6820253e61b17483112652a318355f51a56f50",
                "sha256:3aea95340825f5ff236e7b40f0b5602c2c77a1e95943f71fae34909834043d29",
                "sha256:3dc3372b3731b3ef23407fe06b94f640ef87a2bda242fa386033d5589c87514a",
                "sha256:3e60b06ec7f9dc3e5f1106d12706514b6d6b92c3dc438fcdf4e43e65cc660d1b",
                "sha256:3f699a5225094a5c61402984e2fc1eca20e940223e76767c88189efb0c313f69",
                "sha256:41c2eb569ebd0e1b02d30d361a46932923b193fe1b5e641fb4d547c75e218955",
                "sha256:4c0214c7da18a28d108aa7108c8a3cca8035c7911ec97ef9ec0827569c9a2720",
                "sha256:4d66bfd44a46eb88cff0287929a4193fb45166b6c1f84bb1b233cc17ece0813c",
                "sha256:4e55357d1943673d491bbabb171c891704fc6a22441fea539e05a5c27a79ea3c",
                "sha256:4ff0f575cbb14f30445858dcfdd751e043486f5290915df78a9818bc74042eff",
                "sha256:5085f7ff7b1e890f279577cedeb8c628957869a340fa34a39f7f406500b3c916",
                "sha256:541a487a9ccd72b5e38f37f27b0ce78cb7eb3e336e7b5277d45463010c03a7a8",
                "sha256:562fe2a43b30e781848dce63d9080c15414c777c96df348c4342558338cc7bf3",
                "sha256:5d89e064bb12b40cad696cf4975e6da86f8c60f14cd06cb6c1bc0a7f5d01761f",
                "sha256:5f04ae99c9fbb94c3197ec88599ed7db921f6adcddfe83687a74c7ead4037c22",
                "sha256:691da68ae5dd7c3ac77514357d35ece7b1ba8b5f3e6c92735198aa6159c355c8",
                "sha256:6e696297891b56ff0115f0665de6ad774e1e301e4f60745b8d5024001ae7c2f6",
                "sha256:6ede8595767e19d30a7e8a84a7d47bfde6176d45d194fed08dbb68d1584a780b",
                "sha256:70d091f5c3a6177fac50c0da20181ce0e0c053f1e43c872d5f75bd6d9429c020",
                "sha256:7e2405196a8cfe6cd3e54172a54452dcf85c241eaf2e9dde7190d7469f7f5ef7",
                "sha256:81404c37e0344ebcf10aac127d33d35137e5dbab1daf9f3deee46188fd5879c2",
                "sha256:81682c227cc1849c4a6adf7b85274229073bb4c9d6ad5697222c695dcea5a8a7",
                "sha256:8cb734989420c18ca1b71a82da880e11988f5ff3fcdaadd669161de3e98794ac",
                "sha256:930e7e58b33a4f9c39e7532d7a40147925cf3372baed4229cbebe0cf3ba9ce6b",
                "sha256:aa37089795bd9701576edc2eb5849ce77a439eda9dfdfa47857449332cfa5292",
                "sha256:b6ae51708201f501a171b02419d0c30878a743c369c9054eb1289f0f8d5979e2",
                "sha256:c00ebe9a2f31151aade0db233dc1446513a95e92c39ce055ee097af0ae86be1c",
                "sha256:c24c98fe1a113db287dfb1958771eafca97b7db812f23b7897c2a12b6b904c22",
                "sha256:c519e406287085f43aa0d3061936edf1ba51286093532f215315c6ab8ba92c3b",
                "sha256:d19aec88857d2a52f99eefcefdbbb45921fb2f777bee5186a355a23d9cf8a0b9",
                "sha256:d2fc9342aad969b9a28490a4c3eaba94b35beb2d26e9a39b31d1430378aa71b2",
                "sha256:d79530b4c1af657d5620a1d21b8e39f2996aa06821d5564d05b22d6b8cd413d0",
                "sha256:db31cf7f617a51625f1473d8a66fc35dac159af8b28e80bc014ed3ee994a9fbf",
                "sha256:dddfe650e7dda464d676c27fbedb5061f1ad05e1604627f54c770d7f799d36e9",
                "sha256:dde942b46ce20f6c4464cdf551f3293207f803f4e4354454eb1f5599c3eb1fa1",
                "sha256:dff5c70ed9789ccb0d97ff4a7da51dc523a255c4ec95df188fa5d44adcae4ea8",
                "sha256:e324ecf60f952d21dd11413b8bbed0951bbd99579a06fd06f28bfc37737cd373",
                "sha256:e3861eba31f8ea8663fd876166b032fd89179e42aa63764d6feb281f13f9eb60",
                "sha256:f04ada42bcd537adbaf8b7f3140237a204e452a88d0c1831cfce69f7d2e59f4e",
                "sha256:f124954a32640dfb5c000d33028f48053930d7ff226bc74cde5fb316f9c6fcb6",
                "sha256:f28b5f2fa8154d0d97e97a664136f58d1639ca008d45d6e09e69fff24826abee",
                "sha256:f3088eb80f58ed933c62d87128741d31e786edc862e23266d3c286763d646de0",
                "sha256:f47f23db2d70db39cfb714b64fd5df76595b51b2ec0a669710a78f2dceb0c3f8",
                "sha256:f4cdfe41149dcc5583a3b7a2f0ad433f75bb3afd1c7a7332e63df89b05e34666",
                "sha256:f818161d2302b3b3e9c75d5a1d0a5c5679e92e45cfec6432b9d5432dde5ff1f1",
                "sha256:feb7b1856f6ca805cc0e08739858f6cdfed8ce903390126af30343c62899a389"
            ],
            "index": "pypi",
            "markers": "python_version >= '3.10'",
            "version": "==2.9.13"
        },
        "pymysql": {
            "hashes": [
                "sha256:62169ce6d5510f08e140c5e7990ee884a9764024e4a9a27b2cc11f1099322ae0",
                "sha256:6c7b17ca686988104d7426c27895b455cdeea3e9d3ceb1270f0c3704fead8c33"
            ],
            "index": "pypi",
            "markers": "python_version >= '3.9'",
            "version": "==1.2.0"
        },
        "pyodbc": {
            "hashes": [
                "sha256:05a0912e852ebddaffa8f235b0f3974475021dd8eb604eb46ea67af06efe1239",
                "sha256:0f5901b57eaef0761f4cf02bca8e7c63f589fd0fd723a79f6ccf1ea1275372e5",
                "sha256:1b3467157661615d5c30893efa1069b55c9ffa434097fc3ae3739e740d83d2ec",
                "sha256:1f7fb65191926308f09ce75ae7ccecf89310232ee50cdea74edf17ee04a9b068",
                "sha256:27d1b3c3159673b44c97c878f9d8056901d45f747ce2e0b4d5d99f0fb6949dc7",
                "sha256:305c7d6337e2d4c8350677cc641b343fc0197b7b9bc167815c66b64545c67a53",
                "sha256:39f6c56022c764309aa7552c0eb2c58fbb5902ab5d2010d42b021c0b205aa609",
                "sha256:3d9d70e1635d35ba3aee3df216ec8e35f2824909f43331c0112b17f460a93923",
                "sha256:400e911d54980098c6badadecc82385fc0d6a9057db525d63d2652317df43efe",
                "sha256:42649ed57d09c04aa197bdd4fe0aa9ca319790b7aa86d0b0784cc70e78c426e5",
                "sha256:530c1ac37ead782803b44fb1934ba4c68ed4a6969f7475cb8bc04ae1da14486e",
                "sha256:5ec009180fcd7c8197f45d083e6670623d8dfe198a457ca2a50ebb1bafe4107f",
                "sha256:62bb6d7d0d25dc75d1445e539f946461c9c5a3643ae14676b240f71794ea004f",
                "sha256:6353044b99c763aeec7ca1760b4340298504d8ee544fdcab3c380a2abec15b78",
                "sha256:64c1de1263281de7b5ce585b0352746ab1a483453017a8589f838a79cbe3d6d9",
                "sha256:72d364e52f6ca2417881a23834b3a36733c09e0dcd4760f49a6b864218d98d92",
                "sha256:74af348dbaee4885998858daf50c8964e767629ecf6c195868b016367b0bb861",
                "sha256:8553eaef9f8ec333bbddff6eadf0d322dda34b37f4bab19f0658eb532037840c",
                "sha256:8eb5547282dc73a7784ce7b99584f68687dd85543538ca6f70cffaa6310676e7",
                "sha256:9253e746c5c94bf61e3e9adb08fb7688d413cb68c06ebb287ec233387534760a",
                "sha256:a3e133621ac2dad22d0870a8521c7e82d4270e24ce02451d64e7eb6a40ad0941",
                "sha256:a591a1cf3c251a9c7c1642cfb3774119bf3512f3be56151247238f8a7b22b336",
                "sha256:a6f4067f46aaa78e77e8a15ade81eb21fb344563d245fb2d9a0aaa553c367cbd",
                "sha256:af027a60e84274ea08fad1c75991d37a5f1f6e8bcd30f6bda20db99f0cdfbc7d",
                "sha256:b36fe804d367d01ad81077fa524a36e667aabc3945e32564c7ef9595b28edfa9",
                "sha256:c1a59096f1784d0cda3d0b8f393849f05515c46a10016edb6da1b1960d039800",
                "sha256:c5faf2870e9d434c6a85c6adc1cdff55c0e376273baf480f06d9848025405688",
                "sha256:cdf5a27e6587d1762f7f0e35d6f0309f09019bf3e19ca9177a4b765121f3f106",
                "sha256:e0db69478d00fcd8d0b9bdde8aca0b0eada341fd6ed8c2da84b594b928c84106",
                "sha256:e528bb70dd6d6299ee429868925df0866e3e919c772b9eff79c8e17920d8f116",
                "sha256:ea08e9379c08663d7260e2b8a6c451f56d36c17291af735191089f8e29ad9578",
                "sha256:ebcb900fcaf19ca2bc38632218c5d48c666fcc19fe38b08cde001917f4581456",
                "sha256:efccc11dff6fba684a74ae1030c92ff8b82429d7f00e0a50aa2ac6f56621cd9f",
                "sha256:f792677b88e1dde12dab46de8647620fc8171742c02780d51744f7b1b2135dbc",
                "sha256:fe4ee87b88867867f582dd0c1236cd982508db359a6cbb5e91623ceb6c83e60a"
            ],
            "index": "pypi",
            "markers": "python_version >= '2.7' and python_version not in '3.0, 3.1, 3.2, 3.3, 3.4, 3.5'",
            "version": "==4.0.39"
        },
        "sqlalchemy": {
            "hashes": [
                "sha256:07e48cbcdda6b8bc7a59d6728bd3f5f574ffe03f2c9fb384239f3789c2d95c2e",
                "sha256:18cafdb27834fa03569d29f571df7115812a0e59fd6a3a03ccb0d33678ec8420",
                "sha256:1b1e5e96e2789d89f023d080bee432e2fef64d95857969e70d3cadec80bd26f0",
                "sha256:315676344e3558f1f80d02535f410e80ea4e8fddba31ec78fe390eff5fb8f466",
                "sha256:31de1e2c45e67a5ec1ecca6ec26aefc299dd5151e355eb5199cd9516b57340be",
                "sha256:3d94682732d1a0def5672471ba42a29ff5e21bb0aae0afa00bb10796fc1e28dd",
                "sha256:3ec187acf85984263299a3f15c34a6c0671f83565d86d10f43ace49881a82718",
                "sha256:4847f4b1d822754e35707db913396a29d874ee77b9c3c3ef3f04d5a9a6209618",
                "sha256:4d112b0f3c1bc5ff70554a97344625ef621c1bfe02a73c5d97cac91f8cd7a41e",
                "sha256:51e1ba2884c6a2b8e19109dc08c71c49530006c1084156ecadfaadf5f9b8b053",
                "sha256:535377e9b10aff5a045e3d9ada8a62d02058b422c0504ebdcf07930599890eb0",
                "sha256:5dbf17ac9a61e7a3f1c7ca47237aac93cabd7f08ad92ac5b96d6f8dea4287fc1",
                "sha256:5f752676fc126edc1c4af0ec2e4d2adca48ddfae5de46bb40adbd3f903eb2120",
                "sha256:64cb0ad8a190bc22d2112001cfecdec45baffdf41871de777239da6a28ed74b6",
                "sha256:6913b8247d8a292ef8315162a51931e2b40ce91681f1b6f18f697045200c4a30",
                "sha256:69fac0a7054d86b997af12dc23f581cf0b25fb1c7d1fed43257dee3af32d3d6d",
                "sha256:7001f16a9a8e06488c3c7154827c48455d1c1507d7228d43e781afbc8ceccf6d",
                "sha256:7b81b1030c42b003fc10ddd17825571603117f848814a344d305262d370e7c34",
                "sha256:7f8267682eb41a0584cf66d8a697fef64b53281d01c93a503e1344197f2e01fe",
                "sha256:887865924c3d6e9a473dc82b70977395301533b3030d0f020c38fd9eba5419f2",
                "sha256:9167d4227b56591a4cc5524f1b79ccd7ea994f36e4c648ab42ca995d28ebbb96",
                "sha256:939f9a018d2ad04036746e15d119c0428b1e557470361aa798e6e7d7f5875be0",
                "sha256:955162ad1a931fe416eded6bb144ba891ccbf9b2e49dc7ded39274dd9c5affc5",
                "sha256:984ee13543a346324319a1fb72b698e521506f6f22dc37d7752a329e9cd00a32",
                "sha256:9883f5fae4fd8e3f875adc2add69f8b945625811689a6c65866a35ee9c0aea23",
                "sha256:a1ad90c97029cc3ab4ffd57443a20fac21d2ec3c89532b084b073b3feb5abff3",
                "sha256:a3714e5b33226131ac0da60d18995a102a17dddd42368b7bdd206737297823ad",
                "sha256:ae067ab639fa499f67ded52f5bc8e084f045d10b5ac7bb928ae4ca2b6c0429a5",
                "sha256:b33ffbdbbf5446cf36cd4cc530c9d9905d3c2fe56ed09e25c22c850cdb9fac92",
                "sha256:b6e4cb5c63f705c9d546a054c60d326cbde7421421e2d2565ce3e2eee4e1a01f",
                "sha256:b7f4b6aa6e87991ec7ce0e769689a977776db6704947e562102431474799a857",
                "sha256:c04144a24103135ea0315d459431ac196fe96f55d3213bfd6d39d0247775c854",
                "sha256:c522e496f9b9b70296a7675272ec21937ccfc15da664b74b9f58d98a641ce1b6",
                "sha256:c5a99282848b6cae0056b85da17392a26b2d39178394fc25700bcf967e06e97a",
                "sha256:c7a46639ba058d320c9f53a81db38119a74b8a7a1884df44d09fbe807d028aaf",
                "sha256:d4b1cc7835b39835c75cf7c20c926b42e97d074147c902a9ebb7cf2c840dc4e2",
                "sha256:d4d164df3d83d204c69f840da30b292ac7dc54285096c6171245b8d7807185aa",
                "sha256:d61e9ecc849d8d44d7f80894ecff4abe347136e9d926560b818f6243409f3c86",
                "sha256:d68e1762997bfebf9e5cf2a9fd0bcf9ca2fdd8136ce7b24bbd3bbfa4328f3e4a",
                "sha256:e3c1808008124850115a3f7e793a975cfa5c8a26ceeeb9ff9cbb4485cac556df",
                "sha256:f8cb80fe8d14307e4124f6fad64dfd87ab749c9d275f82b8b4ec84c84ecebdbe"
            ],
            "index": "pypi",
            "markers": "python_version >= '2.7' and python_version not in '3.0, 3.1, 3.2, 3.3, 3.4, 3.5'",
            "version": "==1.4.46"
        }
    },
    "develop": {}
}
