{
    "_meta": {
        "hash": {
            "sha256": "8e4072c52da26952c9c395ccc0f61ae3a194869cc91585bc29699ea0e61d6340"
        },
        "pipfile-spec": 6,
        "requires": {
            "python_version": "3.10"
        },
        "sources": [
            {
                "name": "pypi",
                "url": "https://pypi.org/simple",
                "verify_ssl": true
            }
        ]
    },
    "default": {
        "m2crypto": {
            "hashes": [
                "sha256:13c2fa89562f7b8af40cc74b55f490be5e2ab8ccfb739f11c16d3ce6221a61ba"
            ],
            "index": "pypi",
            "markers": "python_version >= '3.6'",
            "version": "==0.46.2"
        }
    },
    "develop": {}
}
