{
    "_meta": {
        "hash": {
            "sha256": "95bacc291700c0d3739fc888bf2edf2c0912992dd5c6b298606d65c87c990705"
        },
        "pipfile-spec": 6,
        "requires": {
            "python_version": "3.10"
        },
        "sources": [
            {
                "name": "pypi",
                "url": "https://pypi.org/simple",
                "verify_ssl": true
            }
        ]
    },
    "default": {
        "xlsxwriter": {
            "hashes": [
                "sha256:593f8296e8a91790c6d0378ab08b064f34a642b3feb787cf6738236bd0a4860d",
                "sha256:ad6fd41bdcf1b885876b1f6b7087560aecc9ae5a9cc2ba97dcac7ab2e210d3d5"
            ],
            "index": "pypi",
            "markers": "python_version >= '3.6'",
            "version": "==3.2.3"
        }
    },
    "develop": {}
}
