{
    "_meta": {
        "hash": {
            "sha256": "95bacc291700c0d3739fc888bf2edf2c0912992dd5c6b298606d65c87c990705"
        },
        "pipfile-spec": 6,
        "requires": {
            "python_version": "3.10"
        },
        "sources": [
            {
                "name": "pypi",
                "url": "https://pypi.org/simple",
                "verify_ssl": true
            }
        ]
    },
    "default": {
        "xlsxwriter": {
            "hashes": [
                "sha256:8c0dc8f1538c4052a4d4e07a1962750949c2a469138a6cfbc73349c88f6b39a7",
                "sha256:cb0baf8c9bcce14fdadd01297f4e6cd64901cf536283a1f4ab5d07290d85a66b"
            ],
            "index": "pypi",
            "markers": "python_version >= '3.8'",
            "version": "==3.2.8"
        }
    },
    "develop": {}
}
