{
    "_meta": {
        "hash": {
            "sha256": "47c3f199373a9e42feb803961644c41b5a5d8b361c9debbb69dcc766e8061f4c"
        },
        "pipfile-spec": 6,
        "requires": {
            "python_version": "3.10"
        },
        "sources": [
            {
                "name": "pypi",
                "url": "https://pypi.org/simple",
                "verify_ssl": true
            }
        ]
    },
    "default": {
        "deprecated": {
            "hashes": [
                "sha256:597bfef186b6f60181535a29fbe44865ce137a5079f295b479886c82729d5f3f",
                "sha256:b1b50e0ff0c1fddaa5708a2c6b0a6588bb09b892825ab2b214ac9ea9d92a5223"
            ],
            "markers": "python_version >= '2.7' and python_version not in '3.0, 3.1, 3.2, 3.3'",
            "version": "==1.3.1"
        },
        "deprecation": {
            "hashes": [
                "sha256:72b3bde64e5d778694b0cf68178aed03d15e15477116add3fb773e581f9518ff",
                "sha256:a10811591210e1fb0e768a8c25517cabeabcba6f0bf96564f8ff45189f90b14a"
            ],
            "version": "==2.1.0"
        },
        "lxml": {
            "hashes": [
                "sha256:058027e261afed589eddcfe530fcc6f3402d7fd7e89bfd0532df82ebc1563dba",
                "sha256:063eccf89df5b24e361b123e257e437f9e9878f425ee9aae3144c77faf6da6d8",
                "sha256:064fdadaf7a21af3ed1dcaa106b854077fbeada827c18f72aec9346847cd65d0",
                "sha256:08b9d5e803c2e4725ae9e8559ee880e5328ed61aa0935244e0515d7d9dbec0aa",
                "sha256:0a3c150a95fbe5ac91de323aa756219ef9cf7fde5a3f00e2281e30f33fa5fa4f",
                "sha256:0aa7070978f893954008ab73bb9e3c24a7c56c054e00566a21b553dc18105fca",
                "sha256:13dcecc9946dca97b11b7c40d29fba63b55ab4170d3c0cf8c0c164343b9bfdcf",
                "sha256:13e35cbc684aadf05d8711a5d1b5857c92e5e580efa9a0d2be197199c8def607",
                "sha256:17f68764f35fd78d7c4cc4ef209a184c38b65440378013d24b8aecd327c3e0c8",
                "sha256:1941354d92699fb5ffe6ed7b32f9649e43c2feb4b97205f75866f7d21aa91452",
                "sha256:1c06035eafa8404b5cf475bb37a9f6088b0aca288d4ccc9d69389750d5543700",
                "sha256:1db01e5cf14345628e0cbe71067204db658e2fb8e51e7f33631f5f4735fefd8d",
                "sha256:1e786a464c191ca43b133906c6903a7e4d56bef376b75d97ccbb8ec5cf1f0a4b",
                "sha256:1ea99340b3c729beea786f78c38f60f4795622f36e305d9c9be402201efdc3b7",
                "sha256:200069a593c5e40b8f6fc0d84d86d970ba43138c3e68619ffa234bc9bb806a4d",
                "sha256:2047d8234fe735ab77802ce5f2297e410ff40f5238aec569ad7c8e163d7b19a6",
                "sha256:21c73b476d3cfe836be731225ec3421fa2f048d84f6df6a8e70433dff1376d5a",
                "sha256:24a8e756c982c001ca8d59e87c80c4d9dcd4d9b44a4cbeb8d9be4482c514d41d",
                "sha256:252a22982dca42f6155125ac76d3432e548a7625d56f5a273ee78a5057216eca",
                "sha256:2593c77efde7bfea7f6389f1ab249b15ed4aa5bc5cb5131faa3b843c429fbedb",
                "sha256:25fcc59afc57d527cfc78a58f40ab4c9b8fd096a9a3f964d2781ffb6eb33f4ed",
                "sha256:2613e67de13d619fd283d58bda40bff0ee07739f624ffee8b13b631abf33083d",
                "sha256:27220da5be049e936c3aca06f174e8827ca6445a4353a1995584311487fc4e3e",
                "sha256:2c8458c2cdd29589a8367c09c8f030f1d202be673f0ca224ec18590b3b9fb694",
                "sha256:2ca59e7e13e5981175b8b3e4ab84d7da57993eeff53c07764dcebda0d0e64ecd",
                "sha256:2cbcbf6d6e924c28f04a43f3b6f6e272312a090f269eff68a2982e13e5d57659",
                "sha256:2ed6c667fcbb8c19c6791bbf40b7268ef8ddf5a96940ba9404b9f9a304832f6c",
                "sha256:358d9adae670b63e95bc59747c72f4dc97c9ec58881d4627fe0120da0f90d314",
                "sha256:370cd78d5855cfbffd57c422851f7d3864e6ae72d0da615fca4dad8c45d375a5",
                "sha256:3ae2ce7d6fedfb3414a2b6c5e20b249c4c607f72cb8d2bb7cc9c6ec7c6f4e849",
                "sha256:3b1675e096e17c6fe9c0e8c81434f5736c0739ff9ac6123c87c2d452f48fc938",
                "sha256:3e3cb08855967a20f553ff32d147e14329b3ae70ced6edc2f282b94afbc74b2a",
                "sha256:3efe1b21c7801ffa29a1112fab3b0f643628c30472d507f39544fd48e9549e34",
                "sha256:3fee0851639d06276e6b387f1c190eb9d7f06f7f53514e966b26bae46481ec90",
                "sha256:4077b7c79f31755df33b795dc12119cb557a0106bfdab0d2c2d97bd3cf3dffa6",
                "sha256:414aaa94e974e23a3e92e7ca5b97d10c0cf37b6481f50911032c69eeb3991bba",
                "sha256:4197fb2534ee05fd3e7afaab5d8bfd6c2e186f65ea7f9cd6a82809c887bd1285",
                "sha256:442de7530296ef5e188373a1ea5789a46ce90c4847e597856570439621d9c553",
                "sha256:4468e3b83e10e0317a89a33d28f7aeba1caa4d1a6fd457d115dd4ffe90c5931d",
                "sha256:452b899faa64f1805943ec1c0c9ebeaece01a1af83e130b69cdefeda180bb42c",
                "sha256:45f93e6f75123f88d7f0cfd90f2d05f441b808562bf0bc01070a00f53f5028b5",
                "sha256:48461bd21625458dd01e14e2c38dd0aea69addc3c4f960c30d9f59d7f93be601",
                "sha256:4ddb1049fa0579d0cbd00503ad8c58b9ab34d1254c77bc6a5576d96ec7853dba",
                "sha256:5179c60288204e6ddde3f774a93350177e08876eaf3ab78aa3a3649d43eb7d37",
                "sha256:57a86e1ebb4020a38d295c04fc79603c7899e0df71588043eb218722dabc087f",
                "sha256:5921d924aa5468c939d95c9814fa9f9b5935a6ff4e679e26aaf2951f74043512",
                "sha256:59c45e125140b2c4b33920d21d83681940ca29f0b83f8629ea1a2196dc8cfe6a",
                "sha256:5aa0fc67ae19d7a64c3fe725dc9a1bb11f80e01f78289d05c6f62545affec438",
                "sha256:5d444858b9f07cefff6455b983aea9a67f7462ba1f6cbe4a21e8bf6791bf2153",
                "sha256:60fa43be34f78bebb27812ed90f1925ec99560b0fa1decdb7d12b84d857d31e9",
                "sha256:6162a86d86893d63084faaf4ff937b3daea233e3682fb4474db07395794fa80d",
                "sha256:61cb10eeb95570153e0c0e554f58df92ecf5109f75eacad4a95baa709e26c3d6",
                "sha256:65ac4a01aba353cfa6d5725b95d7aed6356ddc0a3cd734de00124d285b04b64f",
                "sha256:65ea18d710fd14e0186c2f973dc60bb52039a275f82d3c44a0e42b43440ea534",
                "sha256:6605c604e6daa9e0d7f0a2137bdc47a2e93b59c60a65466353e37f8272f47c46",
                "sha256:66328dabea70b5ba7e53d94aa774b733cf66686535f3bc9250a7aab53a91caaf",
                "sha256:6c8963287d7a4c5c9a432ff487c52e9c5618667179c18a204bdedb27310f022f",
                "sha256:6cdaefac66e8b8f30e37a9b4768a391e1f8a16a7526d5bc77a7928408ef68e93",
                "sha256:6da5185951d72e6f5352166e3da7b0dc27aa70bd1090b0eb3f7f7212b53f1bb8",
                "sha256:6ddff43f702905a4e32bc24f3f2e2edfe0f8fde3277d481bffb709a4cced7a1f",
                "sha256:6ec0e3f745021bfed19c456647f0298d60a24c9ff86d9d051f52b509663feeb1",
                "sha256:6f91fd2b2ea15a6800c8e24418c0775a1694eefc011392da73bc6cef2623b322",
                "sha256:700efd30c0fa1a3581d80a748157397559396090a51d306ea59a70020223d16f",
                "sha256:71695772df6acea9f3c0e59e44ba8ac50c4f125217e84aab21074a1a55e7e5c9",
                "sha256:72c87e5ee4e58a8354fb9c7c84cbf95a1c8236c127a5d1b7683f04bed8361e1f",
                "sha256:7d2de809c2ee3b888b59f995625385f74629707c9355e0ff856445cdcae682b7",
                "sha256:80dadc234ebc532e09be1975ff538d154a7fa61ea5031c03d25178855544728f",
                "sha256:817ef43a0c0b4a77bd166dc9a09a555394105ff3374777ad41f453526e37f9cb",
                "sha256:846ae9a12d54e368933b9759052d6206a9e8b250291109c48e350c1f1f49d916",
                "sha256:875c6b5ab39ad5291588aed6925fac99d0097af0dd62f33c7b43736043d4a2ec",
                "sha256:8799481bbdd212470d17513a54d568f44416db01250f49449647b5ab5b5dccb9",
                "sha256:8ac6e5811ae2870953390452e3476694196f98d447573234592d30488147404d",
                "sha256:8f8d0cbd0674ee89863a523e6994ac25fd5be9c8486acfc3e5ccea679bad2679",
                "sha256:901e3b4219fa04ef766885fb40fa516a71662a4c61b80c94d25336b4934b71c0",
                "sha256:90a345bbeaf9d0587a3aaffb7006aa39ccb6ff0e96a57286c0cb2fd1520ea192",
                "sha256:9261bb77c2dab42f3ecd9103951aeca2c40277701eb7e912c545c1b16e0e4917",
                "sha256:945da35a48d193d27c188037a05fec5492937f66fb1958c24fc761fb9d40d43c",
                "sha256:957448ac63a42e2e49531b9d6c0fa449a1970dbc32467aaad46f11545be9af1d",
                "sha256:967aab75434de148ec80597b75062d8123cadf2943fb4281f385141e18b21338",
                "sha256:98a5e1660dc7de2200b00d53fa00bcd3c35a3608c305d45a7bbcaf29fa16e83d",
                "sha256:995e783eb0374c120f528f807443ad5a83a656a8624c467ea73781fc5f8a8304",
                "sha256:9b33d21594afab46f37ae58dfadd06636f154923c4e8a4d754b0127554eb2e77",
                "sha256:a4bf42d2e4cf52c28cc1812d62426b9503cdb0c87a6de81442626aa7d69707ba",
                "sha256:a59f5448ba2ceccd06995c95ea59a7674a10de0810f2ce90c9006f3cbc044456",
                "sha256:a656ca105115f6b766bba324f23a67914d9c728dafec57638e2b92a9dcd76c62",
                "sha256:a6b5b39cc7e2998f968f05309e666103b53e2edd01df8dc51b90d734c0825444",
                "sha256:a7c5d5e5f1081955358533be077166ee97ed2571d6a66bdba6ec2f609a715d1a",
                "sha256:a8bef9b9825fa8bc816a6e641bb67219489229ebc648be422af695f6e7a4fa7f",
                "sha256:a8ffaeec5dfea5881d4c9d8913a32d10cfe3923495386106e4a24d45300ef79c",
                "sha256:abd44571493973bad4598a3be7e1d807ed45aa2adaf7ab92ab7c62609569b17d",
                "sha256:ac02dc29fd397608f8eb15ac1610ae2f2f0154b03f631e6d724d9e2ad4ee2c84",
                "sha256:af85529ae8d2a453feee4c780d9406a5e3b17cee0dd75c18bd31adcd584debc3",
                "sha256:b0c732aa23de8f8aec23f4b580d1e52905ef468afb4abeafd3fec77042abb6fe",
                "sha256:b2142a376b40b6736dfc214fd2902409e9e3857eff554fed2d3c60f097e62a62",
                "sha256:b22a07cbb82fea98f8a2fd814f3d1811ff9ed76d0fc6abc84eb21527596e7cc8",
                "sha256:b2c3da8d93cf5db60e8858c17684c47d01fee6405e554fb55018dd85fc23b178",
                "sha256:b2c7fdaa4d7c3d886a42534adec7cfac73860b89b4e5298752f60aa5984641a0",
                "sha256:b30d46379644fbfc3ab81f8f82ae4de55179414651f110a1514f0b1f8f6cb2d7",
                "sha256:b42f4d86b451c2f9d06ffb4f8bbc776e04df3ba070b9fe2657804b1b40277c48",
                "sha256:b738f7e648735714bbb82bdfd030203360cfeab7f6e8a34772b3c8c8b820568c",
                "sha256:b7fc49c37f1786284b12af63152fe1d0990722497e2d5817acfe7a877522f9a9",
                "sha256:b8f18914faec94132e5b91e69d76a5c1d7b0c73e2489ea8929c4aaa10b76bbf7",
                "sha256:bb2f6ca0ae2d983ded09357b84af659c954722bbf04dea98030064996d156048",
                "sha256:bb4c1847b303835d89d785a18801a883436cdfd5dc3d62947f9c49e24f0f5a2c",
                "sha256:bc456d04db0515ce3320d714a1eac7a97774ff0849e7718b492d957da4631dd4",
                "sha256:bc532422ff26b304cfb62b328826bd995c96154ffd2bac4544f37dbb95ecaa8f",
                "sha256:be3aaa60da67e6153eb15715cc2e19091af5dc75faef8b8a585aea372507384b",
                "sha256:c33e66d44fe60e72397b487ee92e01da0d09ba2d66df8eae42d77b6d06e5eba0",
                "sha256:c371aa98126a0d4c739ca93ceffa0fd7a5d732e3ac66a46e74339acd4d334564",
                "sha256:c54d83a2188a10ebdba573f16bd97135d06c9ef60c3dc495315c7a28c80a263f",
                "sha256:c7d13103045de1bdd6fe5d61802565f1a3537d70cd3abf596aa0af62761921ee",
                "sha256:cb233f9c95f83707dae461b12b720c1af9c28c2d19208e1be03387222151daf5",
                "sha256:cd79f3367bd74b317dda655dc8fcfa304d9eb6e4fb06b7168c5cf27f96e0cd62",
                "sha256:cdcbed9ad19da81c480dfd6dd161886db6096083c9938ead313d94b30aadf272",
                "sha256:d100fcc8930d697c6561156c6810ab4a508fb264c8b6779e6e61e2ed5e7558f9",
                "sha256:d4aec24d6b72ee457ec665344a29acb2d35937d5192faebe429ea02633151aad",
                "sha256:d6690ec5ec1cce0385cb20896b16be35247ac8c2046e493d03232f1c2414d321",
                "sha256:d759cdd7f3e055d6bc8d9bec3ad905227b2e4c785dc16c372eb5b5e83123f48a",
                "sha256:da08e7bb297b04e893d91087df19638dc7a6bb858a954b0cc2b9f5053c922312",
                "sha256:dacf3c64ef3f7440e3167aa4b49aa9e0fb99e0aa4f9ff03795640bf94531bcb0",
                "sha256:daf42de090d59db025af61ce6bdb2521f0f102ea0e6ea310f13c17610a97da4c",
                "sha256:dc051506c30b609238d79eda75ee9cab3e520570ec8219844a72a46020901e37",
                "sha256:de496365750cc472b4e7902a485d3f152ecf57bd3ba03ddd5578ed8ceb4c5964",
                "sha256:dfb874cfa53340009af6bdd7e54ebc0d21012a60a4e65d927c2e477112e63484",
                "sha256:e19e0643cc936a22e837f79d01a550678da8377d7d801a14487c10c34ee49c7e",
                "sha256:e237b807d68a61fc3b1e845407e27e5eb8ef69bc93fe8505337c1acb4ee300b6",
                "sha256:e5867f2651016a3afd8dd2c8238baa66f1e2802f44bc17e236f547ace6647078",
                "sha256:e748d4cf8fef2526bb2a589a417eba0c8674e29ffcb570ce2ceca44f1e567bf6",
                "sha256:e77dd455b9a16bbd2a5036a63ddbd479c19572af81b624e79ef422f929eef388",
                "sha256:e8113639f3296706fbac34a30813929e29247718e88173ad849f57ca59754924",
                "sha256:e8cd2415f372e7e5a789d743d133ae474290a90b9023197fd78f32e2dc6873e2",
                "sha256:eb2a12d704f180a902d7fa778c6d71f36ceb7b0d317f34cdc76a5d05aa1dd1df",
                "sha256:ef9266d2aa545d7374938fb5c484531ef5a2ec7f2d573e62f8ce722c735685fd",
                "sha256:f2a50c3c1d11cad0ebebbac357a97b26aa79d2bcaf46f256551152aa85d3a4d1",
                "sha256:f2e3b1a6bb38de0bc713edd4d612969dd250ca8b724be8d460001a387507021c",
                "sha256:f952dacaa552f3bb8834908dddd500ba7d508e6ea6eb8c52eb2d28f48ca06a31",
                "sha256:fa25afbadead523f7001caf0c2382afd272c315a033a7b06336da2637d92d6ed",
                "sha256:fb8dae0b6b8b7f9e96c26fdd8121522ce5de9bb5538010870bd538683d30e9a2",
                "sha256:fbc74f42c3525ac4ffa4b89cbdd00057b6196bcefe8bce794abd42d33a018092",
                "sha256:fe659f6b5d10fb5a17f00a50eb903eb277a71ee35df4615db573c069bcf967ac"
            ],
            "markers": "python_version >= '3.8'",
            "version": "==6.0.2"
        },
        "packaging": {
            "hashes": [
                "sha256:00243ae351a257117b6a241061796684b084ed1c516a08c48a3f7e147a9d80b4",
                "sha256:b36f1fef9334a5588b4166f8bcd26a14e521f2b55e6b9de3aaa80d3ff7a37529"
            ],
            "index": "pypi",
            "markers": "python_version >= '3.8'",
            "version": "==26.0"
        },
        "pikepdf": {
            "hashes": [
                "sha256:105d1a39f5fdc21a23b792d736a6090e7f58f558771a8c9be8f664ba6e564794",
                "sha256:12f078955ccba83547ea297b980997d8cdf9ccd36796465c3866f778cbbee9ef",
                "sha256:14b6507f13f6920285cad02fdef60120a4cecad6b38956f603d261eee0cb925b",
                "sha256:1a85387eb06a20b352225ccd73e159889be36133ae35e8f8af89b64a0f441a72",
                "sha256:1b4f3db0b0a2e02d141aa04b5a0e0807f8b6c2c26dcc4ddddf4459127862605d",
                "sha256:2e86701f761573a071079be6633dd484a283a3dd9d58e2eefd37c891df739d0d",
                "sha256:3233da668d665d301a4a4fd1481867e688336fdb410e9bc9d4e5b0cd62e334eb",
                "sha256:3904353137e5b0cb2a316d84057e1e5301a65e6b1810d4763348ae8919ba20f4",
                "sha256:4335ec70a659b5be1dfc7094a67db7f9c017c9c1cf9049b56d0e35ad24a46ff0",
                "sha256:472a568b4a5659aef9c7a07952d90f6e7e356fd0a2f3847eeb0a73fb9ae3797e",
                "sha256:521bea18cf6c85f98a97c1398bd1c3547adaa1e6b843467ca596fdb504e7ea14",
                "sha256:531a3151753d153f5cd9f7610e8512c4bd486ca811eed82e6e9c03e9f8eab8ed",
                "sha256:74c93b00ee4a0aad230dbb8d2b982884554af0ca5c4aa82dd4bdb8082545d267",
                "sha256:7cf7ab25f1e9063de320d2edecb2cd2960329cc25bac645c7938390f6538d9bf",
                "sha256:83d7c87a2aee6a65b81a93b38517503d340fbe680113ee03421f2948429a2f2a",
                "sha256:912540d236d528bcec32be5a6c126ddfd2a372e4c7106f68cc153d97ce8bda07",
                "sha256:9794c0bd94b594bcde1a623e5e70d2a69f54391658698fa105469c5d8c7904f9",
                "sha256:99fb21d20dc02f9828d477d2c549ee3f6e191801f84a2a2505d21baacb731745",
                "sha256:9b86d42e66004ffaf5284aae0d9814bb3d19f048a45943479db5ca3d02d46bfb",
                "sha256:ac5befc1e991e28b16be104c219bdb1f6cf62a8371f4019ce7bab64ec5ec5745",
                "sha256:b653b1d0c5f17efb080ef68b65d3fcc8909f22128b75e0479775a35cd8d9fe6e",
                "sha256:b77c4772a627b1246f014f2065173f6be068e2ded667a1b4d9190321fd256f9b",
                "sha256:ba75c46417501434e0c25f2d8848b64c9ee5732081fd1b754c02dd472896d9a2",
                "sha256:be51ed707b775dd9651f9eb295ea1c2093248180114484d985b75720c6bd0d21",
                "sha256:c8a4b6862d7e0e69dd3f57efd362826966d1f341e0d052f7f23f0fe3a2375a36",
                "sha256:d1a6646def3fc47f763eab0dcb11341a7205cef1b7dc5c62f1dee435a89472b9",
                "sha256:da7021b31eddd5aa611f6941a2c171b7ce321c7763263ff658368f5f40bda1d4",
                "sha256:dfad0e4e6bc268ca041d639b232d76c25c9ad7023b7189d14869ef4446cabda2",
                "sha256:e2a64a5f1ebf8c411193126b9eeff7faf5739a40bce7441e579531422469fbb1",
                "sha256:e968e4e81d6c05d8e4b24594b27a64cb9be3c7a4371bf0635f6b669559171e6b",
                "sha256:ed1186fea0c5bf9ee68b1ba8b0cdbd9e92a0e74fa51777e616fb4c8f7380d4af",
                "sha256:f1e366f3da9557867fe7b79affea07f800beabacb40a9699edf695fc46cbe35b",
                "sha256:f5e4226abf8007747d5312771bbc0fea8c5755e774ef0d9f21a7a3637913e2df",
                "sha256:f7a4d43c0fe21b76d78eccc1025bea1d61606b9f4489ac1a3ebaf76157716067",
                "sha256:fa3e4b32a2c1d15bb57e91ee3896c19b3c8145d46c26fbac8747efe7cb5ce3bd",
                "sha256:fc7b47340e705c4c61eedb49849c9e7952ed3d5781e26c26ddb2f2480765a3e3"
            ],
            "index": "pypi",
            "markers": "python_version >= '3.10'",
            "version": "==10.3.0"
        },
        "pillow": {
            "hashes": [
                "sha256:00162e9ca6d22b7c3ee8e61faa3c3253cd19b6a37f126cad04f2f88b306f557d",
                "sha256:079af2fb0c599c2ec144ba2c02766d1b55498e373b3ac64687e43849fbbef5bc",
                "sha256:0b022eaaf709541b391ee069f0022ee5b36c709df71986e3f7be312e46f42c84",
                "sha256:0c27407a2d1b96774cbc4a7594129cc027339fd800cd081e44497722ea1179de",
                "sha256:0ddedfaa8b5f0b4ffbc2fa87b556dc59f6bb4ecb14a53b33f9189713ae8053c0",
                "sha256:0deedf2ea233722476b3a81e8cdfbad786f7adbed5d848469fa59fe52396e4ef",
                "sha256:0ed07dca4a8464bada6139ab38f5382f83e5f111698caf3191cb8dbf27d908b4",
                "sha256:0fde7ec5538ab5095cc02df38ee99b0443ff0e1c847a045554cf5f9af1f4aa82",
                "sha256:15c794d74303828eaa957ff8070846d0efe8c630901a1c753fdc63850e19ecd9",
                "sha256:1a949604f73eb07a8adab38c4fe50791f9919344398bdc8ac6b307f755fc7030",
                "sha256:1f345e7bc9d7f368887c712aa5054558bad44d2a301ddf9248599f4161abc7c0",
                "sha256:1fcc52d86ce7a34fd17cb04e87cfdb164648a3662a6f20565910a99653d66c18",
                "sha256:21e686a21078b0f9cb8c8a961d99e6a4ddb88e0fc5ea6e130172ddddc2e5221a",
                "sha256:2415373395a831f53933c23ce051021e79c8cd7979822d8cc478547a3f4da8ef",
                "sha256:277518bf4fe74aa91489e1b20577473b19ee70fb97c374aa50830b279f25841b",
                "sha256:27b9baecb428899db6c0de572d6d305cfaf38ca1596b5c0542a5182e3e74e8c6",
                "sha256:29a4cef9cb672363926f0470afc516dbf7305a14d8c54f7abbb5c199cd8f8179",
                "sha256:3413c2ae377550f5487991d444428f1a8ae92784aac79caa8b1e3b89b175f77e",
                "sha256:351889afef0f485b84078ea40fe33727a0492b9af3904661b0abbafee0355b72",
                "sha256:3ffaa2f0659e2f740473bcf03c702c39a8d4b2b7ffc629052028764324842c64",
                "sha256:40a8e3b9e8773876d6e30daed22f016509e3987bab61b3b7fe309d7019a87451",
                "sha256:414b9a78e14ffeb98128863314e62c3f24b8a86081066625700b7985b3f529bd",
                "sha256:43aca0a55ce1eefc0aefa6253661cb54571857b1a7b2964bd8a1e3ef4b729924",
                "sha256:43b4899cfd091a9693a1278c4982f3e50f7fb7cff5153b05174b4afc9593b616",
                "sha256:461f9dfdafa394c59cd6d818bdfdbab4028b83b02caadaff0ffd433faf4c9a7a",
                "sha256:4f9f6a650743f0ddee5593ac9e954ba1bdbc5e150bc066586d4f26127853ab94",
                "sha256:53d8b764726d3af1a138dd353116f774e3862ec7e3794e0c8781e30db0f35dfc",
                "sha256:565c986f4b45c020f5421a4cea13ef294dde9509a8577f29b2fc5edc7587fff8",
                "sha256:5c5ae0a06e9ea030ab786b0251b32c7e4ce10e58d983c0d5c56029455180b5b9",
                "sha256:5cb7bc1966d031aec37ddb9dcf15c2da5b2e9f7cc3ca7c54473a20a927e1eb91",
                "sha256:5da841d81b1a05ef940a8567da92decaa15bc4d7dedb540a8c219ad83d91808a",
                "sha256:5fee4c04aad8932da9f8f710af2c1a15a83582cfb884152a9caa79d4efcdbf9c",
                "sha256:609e89d9f90b581c8d16358c9087df76024cf058fa693dd3e1e1620823f39670",
                "sha256:6258f3260986990ba2fa8a874f8b6e808cf5abb51a94015ca3dc3c68aa4f30ea",
                "sha256:64efdf00c09e31efd754448a383ea241f55a994fd079866b92d2bbff598aad91",
                "sha256:65b80c1ee7e14a87d6a068dd3b0aea268ffcabfe0498d38661b00c5b4b22e74c",
                "sha256:6741e6f3074a35e47c77b23a4e4f2d90db3ed905cb1c5e6e0d49bff2045632bc",
                "sha256:681088909d7e8fa9e31b9799aaa59ba5234c58e5e4f1951b4c4d1082a2e980e0",
                "sha256:6b7a9d1db5dad90e2991645874f708e87d9a3c370c243c2d7684d28f7e133e6b",
                "sha256:7315f9137087c4e0ee73a761b163fc9aa3b19f5f606a7fc08d83fd3e4379af65",
                "sha256:742aea052cf5ab5034a53c3846165bc3ce88d7c38e954120db0ab867ca242661",
                "sha256:75af0b4c229ac519b155028fa1be632d812a519abba9b46b20e50c6caa184f19",
                "sha256:7b5dd7cbae20285cdb597b10eb5a2c13aa9de6cde9bb64a3c1317427b1db1ae1",
                "sha256:7d6daa89a00b58c37cb1747ec9fb7ac3bc5ffd5949f5888657dfddde6d1312e0",
                "sha256:800429ac32c9b72909c671aaf17ecd13110f823ddb7db4dfef412a5587c2c24e",
                "sha256:806f3987ffe10e867bab0ddad45df1148a2b98221798457fa097ad85d6e8bc75",
                "sha256:808b99604f7873c800c4840f55ff389936ef1948e4e87645eaf3fccbc8477ac4",
                "sha256:80941e6d573197a0c28f394753de529bb436b1ca990ed6e765cf42426abc39f8",
                "sha256:84cabc7095dd535ca934d57e9ce2a72ffd216e435a84acb06b2277b1de2689bd",
                "sha256:8637e29d13f478bc4f153d8daa9ffb16455f0a6cb287da1b432fdad2bfbd66c7",
                "sha256:896866d2d436563fa2a43a9d72f417874f16b5545955c54a64941e87c1376c61",
                "sha256:8e178e3e99d3c0ea8fc64b88447f7cac8ccf058af422a6cedc690d0eadd98c51",
                "sha256:907bfa8a9cb790748a9aa4513e37c88c59660da3bcfffbd24a7d9e6abf224551",
                "sha256:9212d6b86917a2300669511ed094a9406888362e085f2431a7da985a6b124f45",
                "sha256:92a7fe4225365c5e3a8e598982269c6d6698d3e783b3b1ae979e7819f9cd55c1",
                "sha256:935b9d1aed48fcfb3f838caac506f38e29621b44ccc4f8a64d575cb1b2a88644",
                "sha256:97e9993d5ed946aba26baf9c1e8cf18adbab584b99f452ee72f7ee8acb882796",
                "sha256:983976c2ab753166dc66d36af6e8ec15bb511e4a25856e2227e5f7e00a160587",
                "sha256:9f5fefaca968e700ad1a4a9de98bf0869a94e397fe3524c4c9450c1445252304",
                "sha256:a332ac4ccb84b6dde65dbace8431f3af08874bf9770719d32a635c4ef411b18b",
                "sha256:a40905599d8079e09f25027423aed94f2823adaf2868940de991e53a449e14a8",
                "sha256:a6dfc2af5b082b635af6e08e0d1f9f1c4e04d17d4e2ca0ef96131e85eda6eb17",
                "sha256:a786bf667724d84aa29b5db1c61b7bfdde380202aaca12c3461afd6b71743171",
                "sha256:a83e0850cb8f5ac975291ebfc4170ba481f41a28065277f7f735c202cd8e0af3",
                "sha256:aa0c9cc0b82b14766a99fbe6084409972266e82f459821cd26997a488a7261a7",
                "sha256:b17fbdbe01c196e7e159aacb889e091f28e61020a8abeac07b68079b6e626988",
                "sha256:b63e13dd27da389ed9475b3d28510f0f954bca0041e8e551b2a4eb1eab56a39a",
                "sha256:b6e53e82ec2db0717eabb276aa56cf4e500c9a7cec2c2e189b55c24f65a3e8c0",
                "sha256:bb0984b30e973f7e2884362b7d23d0a348c7143ee559f38ef3eaab640144204c",
                "sha256:bc11908616c8a283cf7d664f77411a5ed2a02009b0097ff8abbba5e79128ccf2",
                "sha256:bdec5e43377761c5dbca620efb69a77f6855c5a379e32ac5b158f54c84212b14",
                "sha256:bef9768cab184e7ae6e559c032e95ba8d07b3023c289f79a2bd36e8bf85605a5",
                "sha256:c990547452ee2800d8506c4150280757f88532f3de2a58e3022e9b179107862a",
                "sha256:ca94b6aac0d7af2a10ba08c0f888b3d5114439b6b3ef39968378723622fed377",
                "sha256:cad302dc10fac357d3467a74a9561c90609768a6f73a1923b0fd851b6486f8b0",
                "sha256:d0a7735df32ccbcc98b98a1ac785cc4b19b580be1bdf0aeb5c03223220ea09d5",
                "sha256:d70347c8a5b7ccd803ec0c85c8709f036e6348f1e6a5bf048ecd9c64d3550b8b",
                "sha256:d70534cea9e7966169ad29a903b99fc507e932069a881d0965a1a84bb57f6c6d",
                "sha256:db44d5c160a90df2d24a24760bbd37607d53da0b34fb546c4c232af7192298ac",
                "sha256:e115c15e3bc727b1ca3e641a909f77f8ca72a64fff150f666fcc85e57701c26c",
                "sha256:e2479c7f02f9d505682dc47df8c0ea1fc5e264c4d1629a5d63fe3e2334b89554",
                "sha256:e5dcbe95016e88437ecf33544ba5db21ef1b8dd6e1b434a2cb2a3d605299e643",
                "sha256:e6bdb408f7c9dd2a5ff2b14a3b0bb6d4deb29fb9961e6eb3ae2031ae9a5cec13",
                "sha256:e75d3dba8fc1ddfec0cd752108f93b83b4f8d6ab40e524a95d35f016b9683b09",
                "sha256:efdc140e7b63b8f739d09a99033aa430accce485ff78e6d311973a67b6bf3208",
                "sha256:f10c98f49227ed8383d28174ee95155a675c4ed7f85e2e573b04414f7e371bda",
                "sha256:f188028b5af6b8fb2e9a76ac0f841a575bd1bd396e46ef0840d9b88a48fdbcea",
                "sha256:f188d580bd870cda1e15183790d1cc2fa78f666e76077d103edf048eed9c356e",
                "sha256:f45bd71d1fa5e5749587613037b172e0b3b23159d1c00ef2fc920da6f470e6f0",
                "sha256:f61333d817698bdcdd0f9d7793e365ac3d2a21c1f1eb02b32ad6aefb8d8ea831",
                "sha256:fb125d860738a09d363a88daa0f59c4533529a90e564785e20fe875b200b6dbd"
            ],
            "markers": "python_version >= '3.10'",
            "version": "==12.1.0"
        },
        "pycryptodome": {
            "hashes": [
                "sha256:0101f647d11a1aae5a8ce4f5fad6644ae1b22bb65d05accc7d322943c69a74a6",
                "sha256:04dd31d3b33a6b22ac4d432b3274588917dcf850cc0c51c84eca1d8ed6933810",
                "sha256:05e33267394aad6db6595c0ce9d427fe21552f5425e116a925455e099fdf759a",
                "sha256:08ce3558af5106c632baf6d331d261f02367a6bc3733086ae43c0f988fe042db",
                "sha256:139ae2c6161b9dd5d829c9645d781509a810ef50ea8b657e2257c25ca20efe33",
                "sha256:17940dcf274fcae4a54ec6117a9ecfe52907ed5e2e438fe712fe7ca502672ed5",
                "sha256:190c53f51e988dceb60472baddce3f289fa52b0ec38fbe5fd20dd1d0f795c551",
                "sha256:22e0ae7c3a7f87dcdcf302db06ab76f20e83f09a6993c160b248d58274473bfa",
                "sha256:3006c44c4946583b6de24fe0632091c2653d6256b99a02a3db71ca06472ea1e4",
                "sha256:45430dfaf1f421cf462c0dd824984378bef32b22669f2635cb809357dbaab405",
                "sha256:506c686a1eee6c00df70010be3b8e9e78f406af4f21b23162bbb6e9bdf5427bc",
                "sha256:536f676963662603f1f2e6ab01080c54d8cd20f34ec333dcb195306fa7826997",
                "sha256:542f99d5026ac5f0ef391ba0602f3d11beef8e65aae135fa5b762f5ebd9d3bfb",
                "sha256:560591c0777f74a5da86718f70dfc8d781734cf559773b64072bbdda44b3fc3e",
                "sha256:5b1986c761258a5b4332a7f94a83f631c1ffca8747d75ab8395bf2e1b93283d9",
                "sha256:61bb3ccbf4bf32ad9af32da8badc24e888ae5231c617947e0f5401077f8b091f",
                "sha256:7822f36d683f9ad7bc2145b2c2045014afdbbd1d9922a6d4ce1cbd6add79a01e",
                "sha256:7919ccd096584b911f2a303c593280869ce1af9bf5d36214511f5e5a1bed8c34",
                "sha256:7c760c8a0479a4042111a8dd2f067d3ae4573da286c53f13cf6f5c53a5c1f631",
                "sha256:829b813b8ee00d9c8aba417621b94bc0b5efd18c928923802ad5ba4cf1ec709c",
                "sha256:84c3e4fffad0c4988aef0d5591be3cad4e10aa7db264c65fadbc633318d20bde",
                "sha256:8999316e57abcbd8085c91bc0ef75292c8618f41ca6d2b6132250a863a77d1e7",
                "sha256:8c1601e04d32087591d78e0b81e1e520e57a92796089864b20e5f18c9564b3fa",
                "sha256:a0ab84755f4539db086db9ba9e9f3868d2e3610a3948cbd2a55e332ad83b01b0",
                "sha256:a9bcd5f3794879e91970f2bbd7d899780541d3ff439d8f2112441769c9f2ccea",
                "sha256:bc35d463222cdb4dbebd35e0784155c81e161b9284e567e7e933d722e533331e",
                "sha256:c1cc2f2ae451a676def1a73c1ae9120cd31af25db3f381893d45f75e77be2400",
                "sha256:d033947e7fd3e2ba9a031cb2d267251620964705a013c5a461fa5233cc025270",
                "sha256:d04f5f623a280fbd0ab1c1d8ecbd753193ab7154f09b6161b0f857a1a676c15f",
                "sha256:d49a6c715d8cceffedabb6adb7e0cbf41ae1a2ff4adaeec9432074a80627dea1",
                "sha256:e249a784cc98a29c77cea9df54284a44b40cafbfae57636dd2f8775b48af2434",
                "sha256:fc7a79590e2b5d08530175823a242de6790abc73638cc6dc9d2684e7be2f5e49"
            ],
            "markers": "python_version >= '2.7' and python_version not in '3.0, 3.1, 3.2, 3.3, 3.4'",
            "version": "==3.19.0"
        },
        "pypdf2": {
            "hashes": [
                "sha256:a74408f69ba6271f71b9352ef4ed03dc53a31aa404d29b5d31f53bfecfee1440",
                "sha256:d16e4205cfee272fbdc0568b68d82be796540b1537508cef59388f839c191928"
            ],
            "index": "pypi",
            "markers": "python_version >= '3.6'",
            "version": "==3.0.1"
        },
        "wrapt": {
            "hashes": [
                "sha256:01559d2961c29edc6263849fd9d32b29a20737da67648c7fd752a67bd96208c7",
                "sha256:08b226c2226714183ef207e1c46a3c64c118ef713ba0553f9806ba10d9cec181",
                "sha256:099c88ce146134786577b892d2748ac79c16c9f70304367eee17295732907045",
                "sha256:0b660be1c9cdfb4c711baab4ccbd0e9d1b65a0480d38729ec8cdbf3b29cb7f15",
                "sha256:0e9129d1b582c55ad0dfb9e29e221daa0e02b18c67d8642bc8d08dd7038b3aed",
                "sha256:0fa64a9a07df7f85b352adc42b43e7f44085fb11191b8f5b9b77219f7aaf7e17",
                "sha256:0ff9797e6e0b82b330ef80b0cdba7fcd0ca056d4c7af2ca44e3d05fd47929ede",
                "sha256:12687e6271df7ae5706bee44cc1f77fecb7805976ec9f14f58381b30ae2aceb5",
                "sha256:13f1c69c639bb865d997c4d9ded943f46bfa72cc097e7f44308611c9f2d2b39f",
                "sha256:2893498fe898719ac8fb6b4fe36ca86892bec1e2480d94e3bd1bc592c00527ad",
                "sha256:2ccc89cd504fc29c32f0b24046e8edf3ef0fcbc5d5efe8c91b303c099863d2c8",
                "sha256:2cd647097df1df78f027ac7d5d663f05daa1a117b69cf7f476cb299f90557747",
                "sha256:355779ff720c11a2a5cffd03332dbce1005cb4747dca65b0fc8cdd5f8bf1037e",
                "sha256:38bbe336ee32f67eb99f886bd4f040d91310b7e660061bb03b9083d26e8cf915",
                "sha256:38de19e30e266c15d542ceb0603e657db4e82c53e7f47fd70674ae5da2b41180",
                "sha256:3e2e156fe2d41700b837be9b1d8d80ebab44e9891589bc7c41578ef110184e29",
                "sha256:46583aae3c807aa76f96355c4943031225785ed160c84052612bba0e9d456639",
                "sha256:4b0a29509ef7b501abe47b693a3c91d1f21c9a948711f6ce7afa81eb274c7eae",
                "sha256:52bb58b3207ace156b6134235fd43140994597704fd07d148cbcfb474ee084ea",
                "sha256:5509d9150ed01c4149e40020fa68e917d5c4bb77d311e79535565c2a0418afcb",
                "sha256:57df799e67b011847ef7ac64b05ed4633e56b64e7e7cab5eb83dc9689dbe0acf",
                "sha256:5bacf063143fa86f15b00a21259a81c95c527a18d504b8c820835366d361c879",
                "sha256:657c7d0dcca7df8cfdce9d4e9062d51d2a2b2c8f4bdd41dc908a717099cf552a",
                "sha256:6653bf30dbbafd55cb4553195cc60b94920b6711a8835866c0e02aa9f22c5598",
                "sha256:66f588c8b3a44863156cfaccb516f946a64b3b03a6880822ab0b878135ca1f5c",
                "sha256:690695a791dd94e348a4dca7fbc4de67ea111da9ed3efe94f51cb5ec4c006734",
                "sha256:7112cbf72fc4035afe1e3314a311654c41dd92c2932021ef76f5ca87583917b3",
                "sha256:737e1e491473047cb66944b8b8fd23f3f542019afd6cf0569d1356d18a7ea6d5",
                "sha256:73d77cc1698bf2f0580616a2eadb94aa15b47ae09ade7d9828a5c413dbbabab8",
                "sha256:73e742368b52f9cf0921e1d2bcb8a6a44ede2e372e33df6e77caa136a942099f",
                "sha256:757ff1de7e1d8db1839846672aaecf4978af433cc57e808255b83980e9651914",
                "sha256:771ec962fe3ccb078177c9b8f3529e204ffcbb11d62d509e0a438e6a83f7ca68",
                "sha256:7a0471df3fb4e85a9ff62f7142cdb169e31172467cdb79a713f9b1319c555903",
                "sha256:7c06653908a23a85c4b2455b9d37c085f9756c09058df87b4a2fce2b2f8d58c2",
                "sha256:7f7bf95bae7ac5f2bbcb307464b3b0ff70569dd3b036a87b1cf7efb2c76e66e5",
                "sha256:8012f863320ece76c6b95527b8ee831b818e186cafa356620cba15ba19c904de",
                "sha256:875a10a6f3b667f90a39010af26acf684ba831d9b18a86b242899d57c74550fa",
                "sha256:9b2da9c8f1723994b335dbf9f496fbfabc76bcdd001f73772b8eb2118a714cea",
                "sha256:9c70bacc1e5948a7a7a8d5917fbcd1a662df028c28950cb3194ab8fb427d7b8a",
                "sha256:9e971000347f61271725e801ef44fa5d01b52720e59737f0d96280bffb98c5d1",
                "sha256:9f1e9bac6a6c1ba65e0ac50e32c575266734a07b6c17e718c4babd91e2faa69b",
                "sha256:a64c0fb29c89810973f312a04c067b63523e7303b9a2653820cbf16474c2e5cf",
                "sha256:a7b158558438874e5fd5cb505b5a635bd08c84857bc937973d9e12e1166cdf3b",
                "sha256:ad3aa174d06a14b4758d5a1678b9adde8b8e657c6695de9a3d4c223f4fcbbcce",
                "sha256:ba00229045bc0ec808f12f7d2fd02166631657c56d5b7acbbb8f03ea70fc1cd6",
                "sha256:bc7d496b6e16bd2f77e37e8969b21a7b58d6954e46c6689986fb67b9078100e5",
                "sha256:be2f541a242818829526e5d08c716b6730970ed0dc1b76ba962a546947d0f005",
                "sha256:bffa584240d41bc3127510e07a752f94223d73bb1283ac2e99ac44235762efd2",
                "sha256:c0fc3e388a14ef8101c685dc80b4d2932924a639a03e5c44b5ffabbda2f1f2dc",
                "sha256:c70b4829c6f2f4af4cdaa16442032fcaf882063304160555e4a19b43fd2c6c9d",
                "sha256:c87cd4f61a3b7cd65113e74006e1cd6352b74807fcc65d440e8342f001f8de5e",
                "sha256:ca1a272f80fa90bc6df023873e6deffae67e4b9358ecebb9741e652e545e5558",
                "sha256:cb21ff015afe80cc30daca53136427463c364fb7c1ca96e4b7013dc6f56b2829",
                "sha256:cbc07f101f5f1e7c23ec06a07e45715f459de992108eeb381b21b76d94dbaf4f",
                "sha256:cc9e37bfe67f6ea738851dd606640a87692ff81bcc76df313fb75d08e05e855f",
                "sha256:ccd99596ae95bc7b844196e6691b4987749ba7832c9ba437fdd99885ee5e7a84",
                "sha256:ce0cf4c79c19904aaf2e822af280d7b3c23ad902f57e31c5a19433bc86e5d36d",
                "sha256:cf3eaeddd1486b731c4db8746be0609c7c130a0feed7e071c38ea68c01964a58",
                "sha256:d3dd4f8c2256fcde1a85037a1837afc52e8d32d086fd669ae469455fd9a988d6",
                "sha256:d61238a072501ed071a9f4b9567d10c2eb3d2f1a0258ae79b47160871d8f29c3",
                "sha256:d7fd4c4ee51ebdf245549d54a7c2181a4f39caac97c9dc8a050b5ba814067a29",
                "sha256:d877003dbc601e1365bd03f6a980965a20d585f90c056f33e1fc241b63a6f0e7",
                "sha256:da379cbdf3b7d97ace33a69a391b7a7e2130b1aca94dc447246217994233974c",
                "sha256:dfe3f09f5ce33a4e54a3340c3cde774fd19eca0da8a83343889a3673a33ee579",
                "sha256:e00f8559ceac0fb45091daad5f15d37f2c22bdc28ed71521d47ff01aad8fff3d",
                "sha256:e035693a0d25ea5bf5826df3e203dff7d091b0d5442aaefec9ca8f2bab38417f",
                "sha256:e346de733e8555fe8bbabc9dacf6aa62d055fe2bca8ce4c36f4efb8e47ca2e04",
                "sha256:e3958ba70aef2895d8c62c2d31f51ced188f60451212294677b92f4b32c12978",
                "sha256:e45f54903da38fc4f6f66397fd550fc0dac6164b4c5e721c1b4eb05664181821",
                "sha256:e90656b433808a0ab68e95aaf9f588aea5c8c7a514e180849dfc638ba00ec449",
                "sha256:eabe95ea5fbe1524a53c0f3fc535c99f2aa376ec1451b0b79d943d2240d80e36",
                "sha256:f4ef6e4ffc928781c5222cc8c2a2712aec3fd86ccdb3554a5f818b68beebfa27",
                "sha256:f8d25f31cf032bfa70ec1872cdf0f7e1f1154c5a5bc6c73444bb3375b904f97f",
                "sha256:fd8e0d179e19a6f64bf67d9b0f439328bbee72db5cdd9d896b75007a84bfdc7c"
            ],
            "markers": "python_version >= '3.9'",
            "version": "==2.1.0"
        }
    },
    "develop": {}
}
